{
  "version": 4,
  "terraform_version": "1.14.8",
  "serial": 109,
  "lineage": "a103f834-2c6d-5ff1-fec8-85456657866c",
  "outputs": {
    "cloudfront_domain": {
      "value": "d1fx1oegp7u5hi.cloudfront.net",
      "type": "string"
    },
    "database_endpoint": {
      "value": "njs-default-cluster.cluster-crck2ww68qgh.eu-west-2.rds.amazonaws.com",
      "type": "string"
    },
    "ecr_repo_image_url": {
      "value": "055706347965.dkr.ecr.eu-west-2.amazonaws.com/njs-default-ecr-repository",
      "type": "string"
    },
    "load_balancer_url": {
      "value": "njs-default-frontend-1948790234.eu-west-2.elb.amazonaws.com",
      "type": "string"
    }
  },
  "resources": [
    {
      "mode": "managed",
      "type": "aws_cloudfront_distribution",
      "name": "cdn",
      "provider": "provider[\"registry.terraform.io/hashicorp/aws\"]",
      "instances": [
        {
          "schema_version": 1,
          "attributes": {
            "aliases": [],
            "anycast_ip_list_id": "",
            "arn": "arn:aws:cloudfront::055706347965:distribution/E2HGI5QQFT4WTI",
            "caller_reference": "terraform-20260424135644127500000001",
            "comment": null,
            "connection_function_association": [],
            "continuous_deployment_policy_id": "",
            "custom_error_response": [],
            "default_cache_behavior": [
              {
                "allowed_methods": [
                  "GET",
                  "HEAD"
                ],
                "cache_policy_id": "",
                "cached_methods": [
                  "GET",
                  "HEAD"
                ],
                "compress": false,
                "default_ttl": 0,
                "field_level_encryption_id": "",
                "forwarded_values": [
                  {
                    "cookies": [
                      {
                        "forward": "none",
                        "whitelisted_names": []
                      }
                    ],
                    "headers": [],
                    "query_string": false,
                    "query_string_cache_keys": []
                  }
                ],
                "function_association": [],
                "grpc_config": [
                  {
                    "enabled": false
                  }
                ],
                "lambda_function_association": [],
                "max_ttl": 0,
                "min_ttl": 0,
                "origin_request_policy_id": "",
                "realtime_log_config_arn": "",
                "response_headers_policy_id": "",
                "smooth_streaming": false,
                "target_origin_id": "alb-origin",
                "trusted_key_groups": [],
                "trusted_signers": [],
                "viewer_protocol_policy": "allow-all"
              }
            ],
            "default_root_object": "index.html",
            "domain_name": "d1fx1oegp7u5hi.cloudfront.net",
            "enabled": true,
            "etag": "E23ZP02F085DFQ",
            "hosted_zone_id": "Z2FDTNDATAQYW2",
            "http_version": "http2",
            "id": "E2HGI5QQFT4WTI",
            "in_progress_validation_batches": 0,
            "is_ipv6_enabled": true,
            "last_modified_time": "2026-04-24 13:56:45.241 +0000 UTC",
            "logging_config": [],
            "logging_v1_enabled": false,
            "ordered_cache_behavior": [],
            "origin": [
              {
                "connection_attempts": 3,
                "connection_timeout": 10,
                "custom_header": [
                  {
                    "name": "X-Allow",
                    "value": "super_secret_token"
                  }
                ],
                "custom_origin_config": [
                  {
                    "http_port": 80,
                    "https_port": 443,
                    "ip_address_type": "",
                    "origin_keepalive_timeout": 5,
                    "origin_protocol_policy": "http-only",
                    "origin_read_timeout": 30,
                    "origin_ssl_protocols": [
                      "TLSv1.2"
                    ]
                  }
                ],
                "domain_name": "njs-default-frontend-1948790234.eu-west-2.elb.amazonaws.com",
                "origin_access_control_id": "",
                "origin_id": "alb-origin",
                "origin_path": "",
                "origin_shield": [],
                "response_completion_timeout": 0,
                "s3_origin_config": [],
                "vpc_origin_config": []
              }
            ],
            "origin_group": [],
            "price_class": "PriceClass_All",
            "restrictions": [
              {
                "geo_restriction": [
                  {
                    "locations": [],
                    "restriction_type": "none"
                  }
                ]
              }
            ],
            "retain_on_delete": false,
            "staging": false,
            "status": "Deployed",
            "tags": {
              "Name": "StaticSiteCloudFront"
            },
            "tags_all": {
              "Name": "StaticSiteCloudFront"
            },
            "trusted_key_groups": [
              {
                "enabled": false,
                "items": []
              }
            ],
            "trusted_signers": [
              {
                "enabled": false,
                "items": []
              }
            ],
            "viewer_certificate": [
              {
                "acm_certificate_arn": "",
                "cloudfront_default_certificate": true,
                "iam_certificate_id": "",
                "minimum_protocol_version": "TLSv1",
                "ssl_support_method": ""
              }
            ],
            "viewer_mtls_config": [],
            "wait_for_deployment": true,
            "web_acl_id": ""
          },
          "sensitive_attributes": [],
          "identity_schema_version": 0,
          "identity": {
            "account_id": "055706347965",
            "id": "E2HGI5QQFT4WTI"
          },
          "private": "eyJzY2hlbWFfdmVyc2lvbiI6IjEifQ==",
          "dependencies": [
            "module.elb-frontend.aws_lb.this",
            "module.elb-frontend.aws_security_group.this",
            "module.vpc.aws_subnet.public",
            "module.vpc.aws_vpc.this",
            "module.vpc.aws_vpc_ipv4_cidr_block_association.this"
          ]
        }
      ]
    },
    {
      "mode": "managed",
      "type": "aws_ecr_repository",
      "name": "ecr-repository",
      "provider": "provider[\"registry.terraform.io/hashicorp/aws\"]",
      "instances": [
        {
          "schema_version": 0,
          "attributes": {
            "arn": "arn:aws:ecr:eu-west-2:055706347965:repository/njs-default-ecr-repository",
            "encryption_configuration": [
              {
                "encryption_type": "AES256",
                "kms_key": ""
              }
            ],
            "force_delete": true,
            "id": "njs-default-ecr-repository",
            "image_scanning_configuration": [
              {
                "scan_on_push": false
              }
            ],
            "image_tag_mutability": "MUTABLE",
            "image_tag_mutability_exclusion_filter": [],
            "name": "njs-default-ecr-repository",
            "region": "eu-west-2",
            "registry_id": "055706347965",
            "repository_url": "055706347965.dkr.ecr.eu-west-2.amazonaws.com/njs-default-ecr-repository",
            "tags": {},
            "tags_all": {},
            "timeouts": null
          },
          "sensitive_attributes": [],
          "identity_schema_version": 0,
          "identity": {
            "account_id": "055706347965",
            "name": "njs-default-ecr-repository",
            "region": "eu-west-2"
          },
          "private": "eyJlMmJmYjczMC1lY2FhLTExZTYtOGY4OC0zNDM2M2JjN2M0YzAiOnsiZGVsZXRlIjoxMjAwMDAwMDAwMDAwfX0=",
          "create_before_destroy": true
        }
      ]
    },
    {
      "module": "module.ecs_cluster",
      "mode": "data",
      "type": "aws_caller_identity",
      "name": "current",
      "provider": "provider[\"registry.terraform.io/hashicorp/aws\"]",
      "instances": [
        {
          "index_key": 0,
          "schema_version": 0,
          "attributes": {
            "account_id": "055706347965",
            "arn": "arn:aws:sts::055706347965:assumed-role/AWSReservedSSO_AWSAdministratorAccess_31621f50053d37a9/Paul.Walkington@frasers.group",
            "id": "055706347965",
            "user_id": "AROAQZ6C3NG63BZZJBS7W:Paul.Walkington@frasers.group"
          },
          "sensitive_attributes": [],
          "identity_schema_version": 0
        }
      ]
    },
    {
      "module": "module.ecs_cluster",
      "mode": "data",
      "type": "aws_partition",
      "name": "current",
      "provider": "provider[\"registry.terraform.io/hashicorp/aws\"]",
      "instances": [
        {
          "index_key": 0,
          "schema_version": 0,
          "attributes": {
            "dns_suffix": "amazonaws.com",
            "id": "aws",
            "partition": "aws",
            "reverse_dns_prefix": "com.amazonaws"
          },
          "sensitive_attributes": [],
          "identity_schema_version": 0
        }
      ]
    },
    {
      "module": "module.ecs_cluster",
      "mode": "data",
      "type": "aws_region",
      "name": "current",
      "provider": "provider[\"registry.terraform.io/hashicorp/aws\"]",
      "instances": [
        {
          "index_key": 0,
          "schema_version": 0,
          "attributes": {
            "description": "Europe (London)",
            "endpoint": "ec2.eu-west-2.amazonaws.com",
            "id": "eu-west-2",
            "name": "eu-west-2",
            "region": "eu-west-2"
          },
          "sensitive_attributes": [],
          "identity_schema_version": 0
        }
      ]
    },
    {
      "module": "module.ecs_cluster",
      "mode": "managed",
      "type": "aws_cloudwatch_log_group",
      "name": "this",
      "provider": "provider[\"registry.terraform.io/hashicorp/aws\"]",
      "instances": [
        {
          "index_key": 0,
          "schema_version": 0,
          "attributes": {
            "arn": "arn:aws:logs:eu-west-2:055706347965:log-group:/aws/ecs/njs-default-cluster",
            "deletion_protection_enabled": false,
            "id": "/aws/ecs/njs-default-cluster",
            "kms_key_id": "",
            "log_group_class": "STANDARD",
            "name": "/aws/ecs/njs-default-cluster",
            "name_prefix": "",
            "region": "eu-west-2",
            "retention_in_days": 90,
            "skip_destroy": false,
            "tags": {
              "Name": "/aws/ecs/njs-default-cluster"
            },
            "tags_all": {
              "Name": "/aws/ecs/njs-default-cluster"
            }
          },
          "sensitive_attributes": [],
          "identity_schema_version": 0,
          "identity": {
            "account_id": "055706347965",
            "name": "/aws/ecs/njs-default-cluster",
            "region": "eu-west-2"
          },
          "private": "bnVsbA==",
          "create_before_destroy": true
        }
      ]
    },
    {
      "module": "module.ecs_cluster",
      "mode": "managed",
      "type": "aws_ecs_cluster",
      "name": "this",
      "provider": "provider[\"registry.terraform.io/hashicorp/aws\"]",
      "instances": [
        {
          "index_key": 0,
          "schema_version": 0,
          "attributes": {
            "arn": "arn:aws:ecs:eu-west-2:055706347965:cluster/njs-default-cluster",
            "configuration": [
              {
                "execute_command_configuration": [
                  {
                    "kms_key_id": "",
                    "log_configuration": [
                      {
                        "cloud_watch_encryption_enabled": false,
                        "cloud_watch_log_group_name": "/aws/ecs/njs-default-cluster",
                        "s3_bucket_encryption_enabled": false,
                        "s3_bucket_name": "",
                        "s3_key_prefix": ""
                      }
                    ],
                    "logging": "OVERRIDE"
                  }
                ],
                "managed_storage_configuration": []
              }
            ],
            "id": "arn:aws:ecs:eu-west-2:055706347965:cluster/njs-default-cluster",
            "name": "njs-default-cluster",
            "region": "eu-west-2",
            "service_connect_defaults": [],
            "setting": [
              {
                "name": "containerInsights",
                "value": "enabled"
              }
            ],
            "tags": {},
            "tags_all": {}
          },
          "sensitive_attributes": [],
          "identity_schema_version": 0,
          "private": "bnVsbA==",
          "dependencies": [
            "module.ecs_cluster.aws_cloudwatch_log_group.this"
          ],
          "create_before_destroy": true
        }
      ]
    },
    {
      "module": "module.ecs_cluster",
      "mode": "managed",
      "type": "aws_ecs_cluster_capacity_providers",
      "name": "this",
      "provider": "provider[\"registry.terraform.io/hashicorp/aws\"]",
      "instances": [
        {
          "index_key": 0,
          "schema_version": 0,
          "attributes": {
            "capacity_providers": [],
            "cluster_name": "njs-default-cluster",
            "default_capacity_provider_strategy": [],
            "id": "njs-default-cluster",
            "region": "eu-west-2"
          },
          "sensitive_attributes": [],
          "identity_schema_version": 0,
          "private": "bnVsbA==",
          "dependencies": [
            "module.ecs_cluster.aws_cloudwatch_log_group.this",
            "module.ecs_cluster.aws_ecs_capacity_provider.this",
            "module.ecs_cluster.aws_ecs_cluster.this",
            "module.ecs_cluster.aws_iam_instance_profile.this",
            "module.ecs_cluster.aws_iam_policy.infrastructure",
            "module.ecs_cluster.aws_iam_policy.node",
            "module.ecs_cluster.aws_iam_policy.task_exec",
            "module.ecs_cluster.aws_iam_role.infrastructure",
            "module.ecs_cluster.aws_iam_role.node",
            "module.ecs_cluster.aws_iam_role.task_exec",
            "module.ecs_cluster.aws_iam_role_policy_attachment.infrastructure",
            "module.ecs_cluster.aws_iam_role_policy_attachment.node",
            "module.ecs_cluster.aws_iam_role_policy_attachment.task_exec",
            "module.ecs_cluster.aws_security_group.this",
            "module.ecs_cluster.aws_vpc_security_group_egress_rule.this",
            "module.ecs_cluster.aws_vpc_security_group_ingress_rule.this",
            "module.ecs_cluster.data.aws_caller_identity.current",
            "module.ecs_cluster.data.aws_iam_policy_document.infrastructure",
            "module.ecs_cluster.data.aws_iam_policy_document.infrastructure_assume",
            "module.ecs_cluster.data.aws_iam_policy_document.node",
            "module.ecs_cluster.data.aws_iam_policy_document.node_assume_role_policy",
            "module.ecs_cluster.data.aws_iam_policy_document.task_exec",
            "module.ecs_cluster.data.aws_iam_policy_document.task_exec_assume",
            "module.ecs_cluster.data.aws_partition.current",
            "module.ecs_cluster.data.aws_region.current",
            "module.ecs_cluster.time_sleep.this"
          ]
        }
      ]
    },
    {
      "module": "module.ecs_cluster",
      "mode": "managed",
      "type": "time_sleep",
      "name": "this",
      "provider": "provider[\"registry.terraform.io/hashicorp/time\"]",
      "instances": [
        {
          "index_key": 0,
          "schema_version": 0,
          "attributes": {
            "create_duration": "20s",
            "destroy_duration": null,
            "id": "2026-04-24T13:54:07Z",
            "triggers": {
              "capacity_provider_names": "",
              "capacity_providers": ""
            }
          },
          "sensitive_attributes": [],
          "identity_schema_version": 0,
          "dependencies": [
            "module.ecs_cluster.aws_cloudwatch_log_group.this",
            "module.ecs_cluster.aws_ecs_capacity_provider.this",
            "module.ecs_cluster.aws_ecs_cluster.this",
            "module.ecs_cluster.aws_iam_instance_profile.this",
            "module.ecs_cluster.aws_iam_policy.infrastructure",
            "module.ecs_cluster.aws_iam_policy.node",
            "module.ecs_cluster.aws_iam_policy.task_exec",
            "module.ecs_cluster.aws_iam_role.infrastructure",
            "module.ecs_cluster.aws_iam_role.node",
            "module.ecs_cluster.aws_iam_role.task_exec",
            "module.ecs_cluster.aws_iam_role_policy_attachment.infrastructure",
            "module.ecs_cluster.aws_iam_role_policy_attachment.node",
            "module.ecs_cluster.aws_iam_role_policy_attachment.task_exec",
            "module.ecs_cluster.aws_security_group.this",
            "module.ecs_cluster.aws_vpc_security_group_egress_rule.this",
            "module.ecs_cluster.aws_vpc_security_group_ingress_rule.this",
            "module.ecs_cluster.data.aws_caller_identity.current",
            "module.ecs_cluster.data.aws_iam_policy_document.infrastructure",
            "module.ecs_cluster.data.aws_iam_policy_document.infrastructure_assume",
            "module.ecs_cluster.data.aws_iam_policy_document.node",
            "module.ecs_cluster.data.aws_iam_policy_document.node_assume_role_policy",
            "module.ecs_cluster.data.aws_iam_policy_document.task_exec",
            "module.ecs_cluster.data.aws_iam_policy_document.task_exec_assume",
            "module.ecs_cluster.data.aws_partition.current",
            "module.ecs_cluster.data.aws_region.current"
          ]
        }
      ]
    },
    {
      "module": "module.ecs_service",
      "mode": "data",
      "type": "aws_caller_identity",
      "name": "current",
      "provider": "provider[\"registry.terraform.io/hashicorp/aws\"]",
      "instances": [
        {
          "index_key": 0,
          "schema_version": 0,
          "attributes": {
            "account_id": "055706347965",
            "arn": "arn:aws:sts::055706347965:assumed-role/AWSReservedSSO_AWSAdministratorAccess_31621f50053d37a9/Paul.Walkington@frasers.group",
            "id": "055706347965",
            "user_id": "AROAQZ6C3NG63BZZJBS7W:Paul.Walkington@frasers.group"
          },
          "sensitive_attributes": [],
          "identity_schema_version": 0
        }
      ]
    },
    {
      "module": "module.ecs_service",
      "mode": "data",
      "type": "aws_iam_policy_document",
      "name": "task_exec",
      "provider": "provider[\"registry.terraform.io/hashicorp/aws\"]",
      "instances": [
        {
          "index_key": 0,
          "schema_version": 0,
          "attributes": {
            "id": "3328331735",
            "json": "{\n  \"Version\": \"2012-10-17\",\n  \"Statement\": [\n    {\n      \"Sid\": \"Logs\",\n      \"Effect\": \"Allow\",\n      \"Action\": [\n        \"logs:PutLogEvents\",\n        \"logs:CreateLogStream\"\n      ],\n      \"Resource\": \"*\"\n    },\n    {\n      \"Sid\": \"ECR\",\n      \"Effect\": \"Allow\",\n      \"Action\": [\n        \"ecr:GetDownloadUrlForLayer\",\n        \"ecr:GetAuthorizationToken\",\n        \"ecr:BatchGetImage\",\n        \"ecr:BatchCheckLayerAvailability\"\n      ],\n      \"Resource\": \"*\"\n    },\n    {\n      \"Sid\": \"GetSecrets\",\n      \"Effect\": \"Allow\",\n      \"Action\": \"secretsmanager:GetSecretValue\",\n      \"Resource\": \"arn:aws:secretsmanager:eu-west-2:055706347965:secret:rds!cluster-f3369507-5328-4d14-af8a-03bf42140e51-owRgQD\"\n    }\n  ]\n}",
            "minified_json": "{\"Version\":\"2012-10-17\",\"Statement\":[{\"Sid\":\"Logs\",\"Effect\":\"Allow\",\"Action\":[\"logs:PutLogEvents\",\"logs:CreateLogStream\"],\"Resource\":\"*\"},{\"Sid\":\"ECR\",\"Effect\":\"Allow\",\"Action\":[\"ecr:GetDownloadUrlForLayer\",\"ecr:GetAuthorizationToken\",\"ecr:BatchGetImage\",\"ecr:BatchCheckLayerAvailability\"],\"Resource\":\"*\"},{\"Sid\":\"GetSecrets\",\"Effect\":\"Allow\",\"Action\":\"secretsmanager:GetSecretValue\",\"Resource\":\"arn:aws:secretsmanager:eu-west-2:055706347965:secret:rds!cluster-f3369507-5328-4d14-af8a-03bf42140e51-owRgQD\"}]}",
            "override_json": null,
            "override_policy_documents": null,
            "policy_id": null,
            "source_json": null,
            "source_policy_documents": null,
            "statement": [
              {
                "actions": [
                  "logs:CreateLogStream",
                  "logs:PutLogEvents"
                ],
                "condition": [],
                "effect": "Allow",
                "not_actions": [],
                "not_principals": [],
                "not_resources": [],
                "principals": [],
                "resources": [
                  "*"
                ],
                "sid": "Logs"
              },
              {
                "actions": [
                  "ecr:BatchCheckLayerAvailability",
                  "ecr:BatchGetImage",
                  "ecr:GetAuthorizationToken",
                  "ecr:GetDownloadUrlForLayer"
                ],
                "condition": [],
                "effect": "Allow",
                "not_actions": [],
                "not_principals": [],
                "not_resources": [],
                "principals": [],
                "resources": [
                  "*"
                ],
                "sid": "ECR"
              },
              {
                "actions": [
                  "secretsmanager:GetSecretValue"
                ],
                "condition": [],
                "effect": "Allow",
                "not_actions": [],
                "not_principals": [],
                "not_resources": [],
                "principals": [],
                "resources": [
                  "arn:aws:secretsmanager:eu-west-2:055706347965:secret:rds!cluster-f3369507-5328-4d14-af8a-03bf42140e51-owRgQD"
                ],
                "sid": "GetSecrets"
              }
            ],
            "version": "2012-10-17"
          },
          "sensitive_attributes": [],
          "identity_schema_version": 0
        }
      ]
    },
    {
      "module": "module.ecs_service",
      "mode": "data",
      "type": "aws_iam_policy_document",
      "name": "task_exec_assume",
      "provider": "provider[\"registry.terraform.io/hashicorp/aws\"]",
      "instances": [
        {
          "index_key": 0,
          "schema_version": 0,
          "attributes": {
            "id": "2291109037",
            "json": "{\n  \"Version\": \"2012-10-17\",\n  \"Statement\": [\n    {\n      \"Sid\": \"ECSTaskExecutionAssumeRole\",\n      \"Effect\": \"Allow\",\n      \"Action\": \"sts:AssumeRole\",\n      \"Principal\": {\n        \"Service\": \"ecs-tasks.amazonaws.com\"\n      }\n    }\n  ]\n}",
            "minified_json": "{\"Version\":\"2012-10-17\",\"Statement\":[{\"Sid\":\"ECSTaskExecutionAssumeRole\",\"Effect\":\"Allow\",\"Action\":\"sts:AssumeRole\",\"Principal\":{\"Service\":\"ecs-tasks.amazonaws.com\"}}]}",
            "override_json": null,
            "override_policy_documents": null,
            "policy_id": null,
            "source_json": null,
            "source_policy_documents": null,
            "statement": [
              {
                "actions": [
                  "sts:AssumeRole"
                ],
                "condition": [],
                "effect": "Allow",
                "not_actions": [],
                "not_principals": [],
                "not_resources": [],
                "principals": [
                  {
                    "identifiers": [
                      "ecs-tasks.amazonaws.com"
                    ],
                    "type": "Service"
                  }
                ],
                "resources": [],
                "sid": "ECSTaskExecutionAssumeRole"
              }
            ],
            "version": "2012-10-17"
          },
          "sensitive_attributes": [],
          "identity_schema_version": 0
        }
      ]
    },
    {
      "module": "module.ecs_service",
      "mode": "data",
      "type": "aws_iam_policy_document",
      "name": "tasks_assume",
      "provider": "provider[\"registry.terraform.io/hashicorp/aws\"]",
      "instances": [
        {
          "index_key": 0,
          "schema_version": 0,
          "attributes": {
            "id": "40332649",
            "json": "{\n  \"Version\": \"2012-10-17\",\n  \"Statement\": [\n    {\n      \"Sid\": \"ECSTasksAssumeRole\",\n      \"Effect\": \"Allow\",\n      \"Action\": \"sts:AssumeRole\",\n      \"Principal\": {\n        \"Service\": \"ecs-tasks.amazonaws.com\"\n      },\n      \"Condition\": {\n        \"ArnLike\": {\n          \"aws:SourceArn\": \"arn:aws:ecs:eu-west-2:055706347965:*\"\n        },\n        \"StringEquals\": {\n          \"aws:SourceAccount\": \"055706347965\"\n        }\n      }\n    }\n  ]\n}",
            "minified_json": "{\"Version\":\"2012-10-17\",\"Statement\":[{\"Sid\":\"ECSTasksAssumeRole\",\"Effect\":\"Allow\",\"Action\":\"sts:AssumeRole\",\"Principal\":{\"Service\":\"ecs-tasks.amazonaws.com\"},\"Condition\":{\"ArnLike\":{\"aws:SourceArn\":\"arn:aws:ecs:eu-west-2:055706347965:*\"},\"StringEquals\":{\"aws:SourceAccount\":\"055706347965\"}}}]}",
            "override_json": null,
            "override_policy_documents": null,
            "policy_id": null,
            "source_json": null,
            "source_policy_documents": null,
            "statement": [
              {
                "actions": [
                  "sts:AssumeRole"
                ],
                "condition": [
                  {
                    "test": "ArnLike",
                    "values": [
                      "arn:aws:ecs:eu-west-2:055706347965:*"
                    ],
                    "variable": "aws:SourceArn"
                  },
                  {
                    "test": "StringEquals",
                    "values": [
                      "055706347965"
                    ],
                    "variable": "aws:SourceAccount"
                  }
                ],
                "effect": "Allow",
                "not_actions": [],
                "not_principals": [],
                "not_resources": [],
                "principals": [
                  {
                    "identifiers": [
                      "ecs-tasks.amazonaws.com"
                    ],
                    "type": "Service"
                  }
                ],
                "resources": [],
                "sid": "ECSTasksAssumeRole"
              }
            ],
            "version": "2012-10-17"
          },
          "sensitive_attributes": [],
          "identity_schema_version": 0
        }
      ]
    },
    {
      "module": "module.ecs_service",
      "mode": "data",
      "type": "aws_partition",
      "name": "current",
      "provider": "provider[\"registry.terraform.io/hashicorp/aws\"]",
      "instances": [
        {
          "index_key": 0,
          "schema_version": 0,
          "attributes": {
            "dns_suffix": "amazonaws.com",
            "id": "aws",
            "partition": "aws",
            "reverse_dns_prefix": "com.amazonaws"
          },
          "sensitive_attributes": [],
          "identity_schema_version": 0
        }
      ]
    },
    {
      "module": "module.ecs_service",
      "mode": "data",
      "type": "aws_region",
      "name": "current",
      "provider": "provider[\"registry.terraform.io/hashicorp/aws\"]",
      "instances": [
        {
          "index_key": 0,
          "schema_version": 0,
          "attributes": {
            "description": "Europe (London)",
            "endpoint": "ec2.eu-west-2.amazonaws.com",
            "id": "eu-west-2",
            "name": "eu-west-2",
            "region": "eu-west-2"
          },
          "sensitive_attributes": [],
          "identity_schema_version": 0
        }
      ]
    },
    {
      "module": "module.ecs_service",
      "mode": "data",
      "type": "aws_subnet",
      "name": "this",
      "provider": "provider[\"registry.terraform.io/hashicorp/aws\"]",
      "instances": [
        {
          "index_key": 0,
          "schema_version": 0,
          "attributes": {
            "arn": "arn:aws:ec2:eu-west-2:055706347965:subnet/subnet-04c9dd9ed1aa4310f",
            "assign_ipv6_address_on_creation": false,
            "availability_zone": "eu-west-2a",
            "availability_zone_id": "euw2-az2",
            "available_ip_address_count": 251,
            "cidr_block": "10.0.1.0/24",
            "customer_owned_ipv4_pool": "",
            "default_for_az": false,
            "enable_dns64": false,
            "enable_lni_at_device_index": 0,
            "enable_resource_name_dns_a_record_on_launch": false,
            "enable_resource_name_dns_aaaa_record_on_launch": false,
            "filter": null,
            "id": "subnet-04c9dd9ed1aa4310f",
            "ipv6_cidr_block": "",
            "ipv6_cidr_block_association_id": "",
            "ipv6_native": false,
            "map_customer_owned_ip_on_launch": false,
            "map_public_ip_on_launch": false,
            "outpost_arn": "",
            "owner_id": "055706347965",
            "private_dns_hostname_type_on_launch": "ip-name",
            "region": "eu-west-2",
            "state": "available",
            "tags": {
              "Name": "njs-default-main-private-eu-west-2a"
            },
            "timeouts": null,
            "vpc_id": "vpc-010fa30ecfb923189"
          },
          "sensitive_attributes": [],
          "identity_schema_version": 0
        }
      ]
    },
    {
      "module": "module.ecs_service",
      "mode": "managed",
      "type": "aws_appautoscaling_policy",
      "name": "this",
      "provider": "provider[\"registry.terraform.io/hashicorp/aws\"]",
      "instances": [
        {
          "index_key": "cpu",
          "schema_version": 0,
          "attributes": {
            "alarm_arns": [
              "arn:aws:cloudwatch:eu-west-2:055706347965:alarm:TargetTracking-service/njs-default-cluster/njs-default-service-AlarmHigh-992761ea-070c-4ba6-8134-1a4ba09b0acc",
              "arn:aws:cloudwatch:eu-west-2:055706347965:alarm:TargetTracking-service/njs-default-cluster/njs-default-service-AlarmLow-b166a9a1-48f6-40c3-a886-1b18723eec8d"
            ],
            "arn": "arn:aws:autoscaling:eu-west-2:055706347965:scalingPolicy:95b87e52-9c81-4d7e-a57f-b4846b527017:resource/ecs/service/njs-default-cluster/njs-default-service:policyName/cpu",
            "id": "cpu",
            "name": "cpu",
            "policy_type": "TargetTrackingScaling",
            "predictive_scaling_policy_configuration": [],
            "region": "eu-west-2",
            "resource_id": "service/njs-default-cluster/njs-default-service",
            "scalable_dimension": "ecs:service:DesiredCount",
            "service_namespace": "ecs",
            "step_scaling_policy_configuration": [],
            "target_tracking_scaling_policy_configuration": [
              {
                "customized_metric_specification": [],
                "disable_scale_in": false,
                "predefined_metric_specification": [
                  {
                    "predefined_metric_type": "ECSServiceAverageCPUUtilization",
                    "resource_label": ""
                  }
                ],
                "scale_in_cooldown": 300,
                "scale_out_cooldown": 60,
                "target_value": 75
              }
            ]
          },
          "sensitive_attributes": [],
          "identity_schema_version": 0,
          "private": "bnVsbA==",
          "dependencies": [
            "aws_ecr_repository.ecr-repository",
            "module.ecs_cluster.aws_cloudwatch_log_group.this",
            "module.ecs_cluster.aws_ecs_cluster.this",
            "module.ecs_service.aws_appautoscaling_target.this",
            "module.ecs_service.aws_ecs_service.ignore_task_definition",
            "module.ecs_service.aws_ecs_service.this",
            "module.ecs_service.aws_ecs_task_definition.this",
            "module.ecs_service.aws_iam_policy.service",
            "module.ecs_service.aws_iam_policy.task_exec",
            "module.ecs_service.aws_iam_role.infrastructure_iam_role",
            "module.ecs_service.aws_iam_role.service",
            "module.ecs_service.aws_iam_role.task_exec",
            "module.ecs_service.aws_iam_role.tasks",
            "module.ecs_service.aws_iam_role_policy_attachment.infrastructure_iam_role_ebs_policy",
            "module.ecs_service.aws_iam_role_policy_attachment.service",
            "module.ecs_service.aws_iam_role_policy_attachment.task_exec",
            "module.ecs_service.aws_iam_role_policy_attachment.task_exec_additional",
            "module.ecs_service.aws_iam_role_policy_attachment.tasks",
            "module.ecs_service.aws_security_group.this",
            "module.ecs_service.aws_vpc_security_group_egress_rule.this",
            "module.ecs_service.aws_vpc_security_group_ingress_rule.this",
            "module.ecs_service.data.aws_caller_identity.current",
            "module.ecs_service.data.aws_iam_policy_document.infrastructure_iam_role",
            "module.ecs_service.data.aws_iam_policy_document.service",
            "module.ecs_service.data.aws_iam_policy_document.service_assume",
            "module.ecs_service.data.aws_iam_policy_document.task_exec",
            "module.ecs_service.data.aws_iam_policy_document.task_exec_assume",
            "module.ecs_service.data.aws_iam_policy_document.tasks_assume",
            "module.ecs_service.data.aws_partition.current",
            "module.ecs_service.data.aws_region.current",
            "module.ecs_service.data.aws_subnet.this",
            "module.ecs_service.module.container_definition.aws_cloudwatch_log_group.this",
            "module.ecs_service.module.container_definition.data.aws_region.current",
            "module.elb-frontend.aws_lb_target_group.this",
            "module.elb-frontend.aws_security_group.this",
            "module.rds_wp_db.aws_cloudwatch_log_group.this",
            "module.rds_wp_db.aws_db_subnet_group.this",
            "module.rds_wp_db.aws_iam_role.rds_enhanced_monitoring",
            "module.rds_wp_db.aws_rds_cluster.this",
            "module.rds_wp_db.aws_rds_cluster_parameter_group.this",
            "module.rds_wp_db.aws_security_group.this",
            "module.rds_wp_db.data.aws_iam_policy_document.monitoring_rds_assume_role",
            "module.rds_wp_db.data.aws_service_principal.monitoring_rds",
            "module.vpc.aws_subnet.private",
            "module.vpc.aws_subnet.public",
            "module.vpc.aws_vpc.this",
            "module.vpc.aws_vpc_ipv4_cidr_block_association.this"
          ]
        },
        {
          "index_key": "memory",
          "schema_version": 0,
          "attributes": {
            "alarm_arns": [
              "arn:aws:cloudwatch:eu-west-2:055706347965:alarm:TargetTracking-service/njs-default-cluster/njs-default-service-AlarmHigh-c012e60f-7b25-4a79-a4d8-c2d236356946",
              "arn:aws:cloudwatch:eu-west-2:055706347965:alarm:TargetTracking-service/njs-default-cluster/njs-default-service-AlarmLow-860fa27a-0da0-4556-8fa3-01f5689a1bb0"
            ],
            "arn": "arn:aws:autoscaling:eu-west-2:055706347965:scalingPolicy:95b87e52-9c81-4d7e-a57f-b4846b527017:resource/ecs/service/njs-default-cluster/njs-default-service:policyName/memory",
            "id": "memory",
            "name": "memory",
            "policy_type": "TargetTrackingScaling",
            "predictive_scaling_policy_configuration": [],
            "region": "eu-west-2",
            "resource_id": "service/njs-default-cluster/njs-default-service",
            "scalable_dimension": "ecs:service:DesiredCount",
            "service_namespace": "ecs",
            "step_scaling_policy_configuration": [],
            "target_tracking_scaling_policy_configuration": [
              {
                "customized_metric_specification": [],
                "disable_scale_in": false,
                "predefined_metric_specification": [
                  {
                    "predefined_metric_type": "ECSServiceAverageMemoryUtilization",
                    "resource_label": ""
                  }
                ],
                "scale_in_cooldown": 300,
                "scale_out_cooldown": 60,
                "target_value": 75
              }
            ]
          },
          "sensitive_attributes": [],
          "identity_schema_version": 0,
          "private": "bnVsbA==",
          "dependencies": [
            "aws_ecr_repository.ecr-repository",
            "module.ecs_cluster.aws_cloudwatch_log_group.this",
            "module.ecs_cluster.aws_ecs_cluster.this",
            "module.ecs_service.aws_appautoscaling_target.this",
            "module.ecs_service.aws_ecs_service.ignore_task_definition",
            "module.ecs_service.aws_ecs_service.this",
            "module.ecs_service.aws_ecs_task_definition.this",
            "module.ecs_service.aws_iam_policy.service",
            "module.ecs_service.aws_iam_policy.task_exec",
            "module.ecs_service.aws_iam_role.infrastructure_iam_role",
            "module.ecs_service.aws_iam_role.service",
            "module.ecs_service.aws_iam_role.task_exec",
            "module.ecs_service.aws_iam_role.tasks",
            "module.ecs_service.aws_iam_role_policy_attachment.infrastructure_iam_role_ebs_policy",
            "module.ecs_service.aws_iam_role_policy_attachment.service",
            "module.ecs_service.aws_iam_role_policy_attachment.task_exec",
            "module.ecs_service.aws_iam_role_policy_attachment.task_exec_additional",
            "module.ecs_service.aws_iam_role_policy_attachment.tasks",
            "module.ecs_service.aws_security_group.this",
            "module.ecs_service.aws_vpc_security_group_egress_rule.this",
            "module.ecs_service.aws_vpc_security_group_ingress_rule.this",
            "module.ecs_service.data.aws_caller_identity.current",
            "module.ecs_service.data.aws_iam_policy_document.infrastructure_iam_role",
            "module.ecs_service.data.aws_iam_policy_document.service",
            "module.ecs_service.data.aws_iam_policy_document.service_assume",
            "module.ecs_service.data.aws_iam_policy_document.task_exec",
            "module.ecs_service.data.aws_iam_policy_document.task_exec_assume",
            "module.ecs_service.data.aws_iam_policy_document.tasks_assume",
            "module.ecs_service.data.aws_partition.current",
            "module.ecs_service.data.aws_region.current",
            "module.ecs_service.data.aws_subnet.this",
            "module.ecs_service.module.container_definition.aws_cloudwatch_log_group.this",
            "module.ecs_service.module.container_definition.data.aws_region.current",
            "module.elb-frontend.aws_lb_target_group.this",
            "module.elb-frontend.aws_security_group.this",
            "module.rds_wp_db.aws_cloudwatch_log_group.this",
            "module.rds_wp_db.aws_db_subnet_group.this",
            "module.rds_wp_db.aws_iam_role.rds_enhanced_monitoring",
            "module.rds_wp_db.aws_rds_cluster.this",
            "module.rds_wp_db.aws_rds_cluster_parameter_group.this",
            "module.rds_wp_db.aws_security_group.this",
            "module.rds_wp_db.data.aws_iam_policy_document.monitoring_rds_assume_role",
            "module.rds_wp_db.data.aws_service_principal.monitoring_rds",
            "module.vpc.aws_subnet.private",
            "module.vpc.aws_subnet.public",
            "module.vpc.aws_vpc.this",
            "module.vpc.aws_vpc_ipv4_cidr_block_association.this"
          ]
        }
      ]
    },
    {
      "module": "module.ecs_service",
      "mode": "managed",
      "type": "aws_appautoscaling_target",
      "name": "this",
      "provider": "provider[\"registry.terraform.io/hashicorp/aws\"]",
      "instances": [
        {
          "index_key": 0,
          "schema_version": 0,
          "attributes": {
            "arn": "arn:aws:application-autoscaling:eu-west-2:055706347965:scalable-target/0ec595b87e529c814d7ea57fb4846b527017",
            "id": "service/njs-default-cluster/njs-default-service",
            "max_capacity": 10,
            "min_capacity": 1,
            "region": "eu-west-2",
            "resource_id": "service/njs-default-cluster/njs-default-service",
            "role_arn": "arn:aws:iam::055706347965:role/aws-service-role/ecs.application-autoscaling.amazonaws.com/AWSServiceRoleForApplicationAutoScaling_ECSService",
            "scalable_dimension": "ecs:service:DesiredCount",
            "service_namespace": "ecs",
            "suspended_state": [
              {
                "dynamic_scaling_in_suspended": false,
                "dynamic_scaling_out_suspended": false,
                "scheduled_scaling_suspended": false
              }
            ],
            "tags": {},
            "tags_all": {}
          },
          "sensitive_attributes": [],
          "identity_schema_version": 0,
          "private": "bnVsbA==",
          "dependencies": [
            "aws_ecr_repository.ecr-repository",
            "module.ecs_cluster.aws_cloudwatch_log_group.this",
            "module.ecs_cluster.aws_ecs_cluster.this",
            "module.ecs_service.aws_ecs_service.ignore_task_definition",
            "module.ecs_service.aws_ecs_service.this",
            "module.ecs_service.aws_ecs_task_definition.this",
            "module.ecs_service.aws_iam_policy.service",
            "module.ecs_service.aws_iam_policy.task_exec",
            "module.ecs_service.aws_iam_role.infrastructure_iam_role",
            "module.ecs_service.aws_iam_role.service",
            "module.ecs_service.aws_iam_role.task_exec",
            "module.ecs_service.aws_iam_role.tasks",
            "module.ecs_service.aws_iam_role_policy_attachment.infrastructure_iam_role_ebs_policy",
            "module.ecs_service.aws_iam_role_policy_attachment.service",
            "module.ecs_service.aws_iam_role_policy_attachment.task_exec",
            "module.ecs_service.aws_iam_role_policy_attachment.task_exec_additional",
            "module.ecs_service.aws_iam_role_policy_attachment.tasks",
            "module.ecs_service.aws_security_group.this",
            "module.ecs_service.aws_vpc_security_group_egress_rule.this",
            "module.ecs_service.aws_vpc_security_group_ingress_rule.this",
            "module.ecs_service.data.aws_caller_identity.current",
            "module.ecs_service.data.aws_iam_policy_document.infrastructure_iam_role",
            "module.ecs_service.data.aws_iam_policy_document.service",
            "module.ecs_service.data.aws_iam_policy_document.service_assume",
            "module.ecs_service.data.aws_iam_policy_document.task_exec",
            "module.ecs_service.data.aws_iam_policy_document.task_exec_assume",
            "module.ecs_service.data.aws_iam_policy_document.tasks_assume",
            "module.ecs_service.data.aws_partition.current",
            "module.ecs_service.data.aws_region.current",
            "module.ecs_service.data.aws_subnet.this",
            "module.ecs_service.module.container_definition.aws_cloudwatch_log_group.this",
            "module.ecs_service.module.container_definition.data.aws_region.current",
            "module.elb-frontend.aws_lb_target_group.this",
            "module.elb-frontend.aws_security_group.this",
            "module.rds_wp_db.aws_cloudwatch_log_group.this",
            "module.rds_wp_db.aws_db_subnet_group.this",
            "module.rds_wp_db.aws_iam_role.rds_enhanced_monitoring",
            "module.rds_wp_db.aws_rds_cluster.this",
            "module.rds_wp_db.aws_rds_cluster_parameter_group.this",
            "module.rds_wp_db.aws_security_group.this",
            "module.rds_wp_db.data.aws_iam_policy_document.monitoring_rds_assume_role",
            "module.rds_wp_db.data.aws_service_principal.monitoring_rds",
            "module.vpc.aws_subnet.private",
            "module.vpc.aws_subnet.public",
            "module.vpc.aws_vpc.this",
            "module.vpc.aws_vpc_ipv4_cidr_block_association.this"
          ]
        }
      ]
    },
    {
      "module": "module.ecs_service",
      "mode": "managed",
      "type": "aws_ecs_service",
      "name": "this",
      "provider": "provider[\"registry.terraform.io/hashicorp/aws\"]",
      "instances": [
        {
          "index_key": 0,
          "schema_version": 1,
          "attributes": {
            "alarms": [],
            "arn": "arn:aws:ecs:eu-west-2:055706347965:service/njs-default-cluster/njs-default-service",
            "availability_zone_rebalancing": "ENABLED",
            "capacity_provider_strategy": [],
            "cluster": "arn:aws:ecs:eu-west-2:055706347965:cluster/njs-default-cluster",
            "deployment_circuit_breaker": [
              {
                "enable": false,
                "rollback": false
              }
            ],
            "deployment_configuration": [
              {
                "bake_time_in_minutes": "0",
                "canary_configuration": [],
                "lifecycle_hook": [],
                "linear_configuration": [],
                "strategy": "ROLLING"
              }
            ],
            "deployment_controller": [
              {
                "type": "ECS"
              }
            ],
            "deployment_maximum_percent": 200,
            "deployment_minimum_healthy_percent": 66,
            "desired_count": 1,
            "enable_ecs_managed_tags": true,
            "enable_execute_command": false,
            "force_delete": null,
            "force_new_deployment": true,
            "health_check_grace_period_seconds": 0,
            "iam_role": "/aws-service-role/ecs.amazonaws.com/AWSServiceRoleForECS",
            "id": "arn:aws:ecs:eu-west-2:055706347965:service/njs-default-cluster/njs-default-service",
            "launch_type": "FARGATE",
            "load_balancer": [
              {
                "advanced_configuration": [],
                "container_name": "app",
                "container_port": 3000,
                "elb_name": "",
                "target_group_arn": "arn:aws:elasticloadbalancing:eu-west-2:055706347965:targetgroup/njs-default-service2/de2253b06207d810"
              }
            ],
            "name": "njs-default-service",
            "network_configuration": [
              {
                "assign_public_ip": false,
                "security_groups": [
                  "sg-041a65ad2b256cb50"
                ],
                "subnets": [
                  "subnet-04c9dd9ed1aa4310f",
                  "subnet-071d4ab02c42157dc",
                  "subnet-0c972d3284fa40e09"
                ]
              }
            ],
            "ordered_placement_strategy": [],
            "placement_constraints": [],
            "platform_version": "LATEST",
            "propagate_tags": "NONE",
            "region": "eu-west-2",
            "scheduling_strategy": "REPLICA",
            "service_connect_configuration": [],
            "service_registries": [],
            "sigint_rollback": null,
            "tags": {},
            "tags_all": {},
            "task_definition": "arn:aws:ecs:eu-west-2:055706347965:task-definition/njs-default-service:5",
            "timeouts": null,
            "triggers": {},
            "volume_configuration": [],
            "vpc_lattice_configurations": [],
            "wait_for_steady_state": false
          },
          "sensitive_attributes": [],
          "identity_schema_version": 0,
          "identity": {
            "account_id": "055706347965",
            "cluster": "arn:aws:ecs:eu-west-2:055706347965:cluster/njs-default-cluster",
            "name": "njs-default-service",
            "region": "eu-west-2"
          },
          "private": "eyJlMmJmYjczMC1lY2FhLTExZTYtOGY4OC0zNDM2M2JjN2M0YzAiOnsiY3JlYXRlIjoxMjAwMDAwMDAwMDAwLCJkZWxldGUiOjEyMDAwMDAwMDAwMDAsInVwZGF0ZSI6MTIwMDAwMDAwMDAwMH0sInNjaGVtYV92ZXJzaW9uIjoiMSJ9",
          "dependencies": [
            "aws_ecr_repository.ecr-repository",
            "module.ecs_cluster.aws_cloudwatch_log_group.this",
            "module.ecs_cluster.aws_ecs_cluster.this",
            "module.ecs_service.aws_ecs_task_definition.this",
            "module.ecs_service.aws_iam_policy.service",
            "module.ecs_service.aws_iam_policy.task_exec",
            "module.ecs_service.aws_iam_role.infrastructure_iam_role",
            "module.ecs_service.aws_iam_role.service",
            "module.ecs_service.aws_iam_role.task_exec",
            "module.ecs_service.aws_iam_role.tasks",
            "module.ecs_service.aws_iam_role_policy_attachment.infrastructure_iam_role_ebs_policy",
            "module.ecs_service.aws_iam_role_policy_attachment.service",
            "module.ecs_service.aws_iam_role_policy_attachment.task_exec",
            "module.ecs_service.aws_iam_role_policy_attachment.task_exec_additional",
            "module.ecs_service.aws_iam_role_policy_attachment.tasks",
            "module.ecs_service.aws_security_group.this",
            "module.ecs_service.aws_vpc_security_group_egress_rule.this",
            "module.ecs_service.aws_vpc_security_group_ingress_rule.this",
            "module.ecs_service.data.aws_caller_identity.current",
            "module.ecs_service.data.aws_iam_policy_document.infrastructure_iam_role",
            "module.ecs_service.data.aws_iam_policy_document.service",
            "module.ecs_service.data.aws_iam_policy_document.service_assume",
            "module.ecs_service.data.aws_iam_policy_document.task_exec",
            "module.ecs_service.data.aws_iam_policy_document.task_exec_assume",
            "module.ecs_service.data.aws_iam_policy_document.tasks_assume",
            "module.ecs_service.data.aws_partition.current",
            "module.ecs_service.data.aws_region.current",
            "module.ecs_service.data.aws_subnet.this",
            "module.ecs_service.module.container_definition.aws_cloudwatch_log_group.this",
            "module.ecs_service.module.container_definition.data.aws_region.current",
            "module.elb-frontend.aws_lb_target_group.this",
            "module.elb-frontend.aws_security_group.this",
            "module.rds_wp_db.aws_cloudwatch_log_group.this",
            "module.rds_wp_db.aws_db_subnet_group.this",
            "module.rds_wp_db.aws_iam_role.rds_enhanced_monitoring",
            "module.rds_wp_db.aws_rds_cluster.this",
            "module.rds_wp_db.aws_rds_cluster_parameter_group.this",
            "module.rds_wp_db.aws_security_group.this",
            "module.rds_wp_db.data.aws_iam_policy_document.monitoring_rds_assume_role",
            "module.rds_wp_db.data.aws_service_principal.monitoring_rds",
            "module.vpc.aws_subnet.private",
            "module.vpc.aws_subnet.public",
            "module.vpc.aws_vpc.this",
            "module.vpc.aws_vpc_ipv4_cidr_block_association.this"
          ]
        }
      ]
    },
    {
      "module": "module.ecs_service",
      "mode": "managed",
      "type": "aws_ecs_task_definition",
      "name": "this",
      "provider": "provider[\"registry.terraform.io/hashicorp/aws\"]",
      "instances": [
        {
          "index_key": 0,
          "schema_version": 1,
          "attributes": {
            "arn": "arn:aws:ecs:eu-west-2:055706347965:task-definition/njs-default-service:5",
            "arn_without_revision": "arn:aws:ecs:eu-west-2:055706347965:task-definition/njs-default-service",
            "container_definitions": "[{\"cpu\":1024,\"environment\":[],\"essential\":true,\"image\":\"055706347965.dkr.ecr.eu-west-2.amazonaws.com/njs-default-ecr-repository:latest\",\"interactive\":false,\"linuxParameters\":{\"initProcessEnabled\":false},\"logConfiguration\":{\"logDriver\":\"awslogs\",\"options\":{\"awslogs-group\":\"/aws/ecs/njs-default-service/app\",\"awslogs-region\":\"eu-west-2\",\"awslogs-stream-prefix\":\"ecs\"}},\"memory\":4096,\"memoryReservation\":2048,\"mountPoints\":[],\"name\":\"app\",\"portMappings\":[{\"containerPort\":3000,\"hostPort\":3000,\"protocol\":\"tcp\"}],\"privileged\":false,\"pseudoTerminal\":false,\"readonlyRootFilesystem\":false,\"restartPolicy\":{\"enabled\":true},\"startTimeout\":30,\"stopTimeout\":120,\"systemControls\":[],\"versionConsistency\":\"disabled\",\"volumesFrom\":[]}]",
            "cpu": "1024",
            "enable_fault_injection": false,
            "ephemeral_storage": [],
            "execution_role_arn": "arn:aws:iam::055706347965:role/njs-default-service-task-exec-20260424135336775900000001",
            "family": "njs-default-service",
            "id": "njs-default-service",
            "ipc_mode": "",
            "memory": "4096",
            "network_mode": "awsvpc",
            "pid_mode": "",
            "placement_constraints": [],
            "proxy_configuration": [],
            "region": "eu-west-2",
            "requires_compatibilities": [
              "FARGATE"
            ],
            "revision": 5,
            "runtime_platform": [
              {
                "cpu_architecture": "X86_64",
                "operating_system_family": "LINUX"
              }
            ],
            "skip_destroy": false,
            "tags": {},
            "tags_all": {},
            "task_role_arn": "arn:aws:iam::055706347965:role/njs-default-service-tasks-20260424135336777600000002",
            "track_latest": true,
            "volume": []
          },
          "sensitive_attributes": [],
          "identity_schema_version": 0,
          "identity": {
            "account_id": "055706347965",
            "family": "njs-default-service",
            "region": "eu-west-2",
            "revision": 5
          },
          "private": "eyJzY2hlbWFfdmVyc2lvbiI6IjEifQ==",
          "dependencies": [
            "aws_ecr_repository.ecr-repository",
            "module.ecs_service.aws_iam_policy.task_exec",
            "module.ecs_service.aws_iam_role.task_exec",
            "module.ecs_service.aws_iam_role.tasks",
            "module.ecs_service.aws_iam_role_policy_attachment.task_exec",
            "module.ecs_service.aws_iam_role_policy_attachment.task_exec_additional",
            "module.ecs_service.aws_iam_role_policy_attachment.tasks",
            "module.ecs_service.data.aws_caller_identity.current",
            "module.ecs_service.data.aws_iam_policy_document.task_exec",
            "module.ecs_service.data.aws_iam_policy_document.task_exec_assume",
            "module.ecs_service.data.aws_iam_policy_document.tasks_assume",
            "module.ecs_service.data.aws_partition.current",
            "module.ecs_service.data.aws_region.current",
            "module.ecs_service.module.container_definition.aws_cloudwatch_log_group.this",
            "module.ecs_service.module.container_definition.data.aws_region.current",
            "module.rds_wp_db.aws_cloudwatch_log_group.this",
            "module.rds_wp_db.aws_db_subnet_group.this",
            "module.rds_wp_db.aws_iam_role.rds_enhanced_monitoring",
            "module.rds_wp_db.aws_rds_cluster.this",
            "module.rds_wp_db.aws_rds_cluster_parameter_group.this",
            "module.rds_wp_db.aws_security_group.this",
            "module.rds_wp_db.data.aws_iam_policy_document.monitoring_rds_assume_role",
            "module.rds_wp_db.data.aws_service_principal.monitoring_rds",
            "module.vpc.aws_subnet.public",
            "module.vpc.aws_vpc.this",
            "module.vpc.aws_vpc_ipv4_cidr_block_association.this"
          ],
          "create_before_destroy": true
        }
      ]
    },
    {
      "module": "module.ecs_service",
      "mode": "managed",
      "type": "aws_iam_policy",
      "name": "task_exec",
      "provider": "provider[\"registry.terraform.io/hashicorp/aws\"]",
      "instances": [
        {
          "index_key": 0,
          "schema_version": 0,
          "attributes": {
            "arn": "arn:aws:iam::055706347965:policy/njs-default-service-task-exec-20260424135415607100000009",
            "attachment_count": 1,
            "delay_after_policy_creation_in_ms": null,
            "description": "Task execution role IAM policy",
            "id": "arn:aws:iam::055706347965:policy/njs-default-service-task-exec-20260424135415607100000009",
            "name": "njs-default-service-task-exec-20260424135415607100000009",
            "name_prefix": "njs-default-service-task-exec-",
            "path": "/",
            "policy": "{\"Statement\":[{\"Action\":[\"logs:PutLogEvents\",\"logs:CreateLogStream\"],\"Effect\":\"Allow\",\"Resource\":\"*\",\"Sid\":\"Logs\"},{\"Action\":[\"ecr:GetDownloadUrlForLayer\",\"ecr:GetAuthorizationToken\",\"ecr:BatchGetImage\",\"ecr:BatchCheckLayerAvailability\"],\"Effect\":\"Allow\",\"Resource\":\"*\",\"Sid\":\"ECR\"},{\"Action\":\"secretsmanager:GetSecretValue\",\"Effect\":\"Allow\",\"Resource\":\"arn:aws:secretsmanager:eu-west-2:055706347965:secret:rds!cluster-f3369507-5328-4d14-af8a-03bf42140e51-owRgQD\",\"Sid\":\"GetSecrets\"}],\"Version\":\"2012-10-17\"}",
            "policy_id": "ANPAQZ6C3NG63EIJ3KREQ",
            "tags": {},
            "tags_all": {}
          },
          "sensitive_attributes": [],
          "identity_schema_version": 0,
          "identity": {
            "arn": "arn:aws:iam::055706347965:policy/njs-default-service-task-exec-20260424135415607100000009"
          },
          "private": "bnVsbA==",
          "dependencies": [
            "module.ecs_service.data.aws_iam_policy_document.task_exec",
            "module.rds_wp_db.aws_cloudwatch_log_group.this",
            "module.rds_wp_db.aws_db_subnet_group.this",
            "module.rds_wp_db.aws_iam_role.rds_enhanced_monitoring",
            "module.rds_wp_db.aws_rds_cluster.this",
            "module.rds_wp_db.aws_rds_cluster_parameter_group.this",
            "module.rds_wp_db.aws_security_group.this",
            "module.rds_wp_db.data.aws_iam_policy_document.monitoring_rds_assume_role",
            "module.rds_wp_db.data.aws_service_principal.monitoring_rds",
            "module.vpc.aws_subnet.public",
            "module.vpc.aws_vpc.this",
            "module.vpc.aws_vpc_ipv4_cidr_block_association.this"
          ],
          "create_before_destroy": true
        }
      ]
    },
    {
      "module": "module.ecs_service",
      "mode": "managed",
      "type": "aws_iam_role",
      "name": "task_exec",
      "provider": "provider[\"registry.terraform.io/hashicorp/aws\"]",
      "instances": [
        {
          "index_key": 0,
          "schema_version": 0,
          "attributes": {
            "arn": "arn:aws:iam::055706347965:role/njs-default-service-task-exec-20260424135336775900000001",
            "assume_role_policy": "{\"Statement\":[{\"Action\":\"sts:AssumeRole\",\"Effect\":\"Allow\",\"Principal\":{\"Service\":\"ecs-tasks.amazonaws.com\"},\"Sid\":\"ECSTaskExecutionAssumeRole\"}],\"Version\":\"2012-10-17\"}",
            "create_date": "2026-04-24T13:53:38Z",
            "description": "Task execution role for njs-default-service-task-exec",
            "force_detach_policies": true,
            "id": "njs-default-service-task-exec-20260424135336775900000001",
            "inline_policy": [],
            "managed_policy_arns": [
              "arn:aws:iam::055706347965:policy/njs-default-service-task-exec-20260424135415607100000009"
            ],
            "max_session_duration": 3600,
            "name": "njs-default-service-task-exec-20260424135336775900000001",
            "name_prefix": "njs-default-service-task-exec-",
            "path": "/",
            "permissions_boundary": "",
            "tags": {},
            "tags_all": {},
            "unique_id": "AROAQZ6C3NG6W3TEE6SJD"
          },
          "sensitive_attributes": [],
          "identity_schema_version": 0,
          "identity": {
            "account_id": "055706347965",
            "name": "njs-default-service-task-exec-20260424135336775900000001"
          },
          "private": "bnVsbA==",
          "dependencies": [
            "module.ecs_service.data.aws_iam_policy_document.task_exec_assume"
          ],
          "create_before_destroy": true
        }
      ]
    },
    {
      "module": "module.ecs_service",
      "mode": "managed",
      "type": "aws_iam_role",
      "name": "tasks",
      "provider": "provider[\"registry.terraform.io/hashicorp/aws\"]",
      "instances": [
        {
          "index_key": 0,
          "schema_version": 0,
          "attributes": {
            "arn": "arn:aws:iam::055706347965:role/njs-default-service-tasks-20260424135336777600000002",
            "assume_role_policy": "{\"Statement\":[{\"Action\":\"sts:AssumeRole\",\"Condition\":{\"ArnLike\":{\"aws:SourceArn\":\"arn:aws:ecs:eu-west-2:055706347965:*\"},\"StringEquals\":{\"aws:SourceAccount\":\"055706347965\"}},\"Effect\":\"Allow\",\"Principal\":{\"Service\":\"ecs-tasks.amazonaws.com\"},\"Sid\":\"ECSTasksAssumeRole\"}],\"Version\":\"2012-10-17\"}",
            "create_date": "2026-04-24T13:53:37Z",
            "description": "IAM role for ECS tasks in Service njs-default-service",
            "force_detach_policies": true,
            "id": "njs-default-service-tasks-20260424135336777600000002",
            "inline_policy": [],
            "managed_policy_arns": [],
            "max_session_duration": 3600,
            "name": "njs-default-service-tasks-20260424135336777600000002",
            "name_prefix": "njs-default-service-tasks-",
            "path": "/",
            "permissions_boundary": "",
            "tags": {},
            "tags_all": {},
            "unique_id": "AROAQZ6C3NG62K5WKY345"
          },
          "sensitive_attributes": [],
          "identity_schema_version": 0,
          "identity": {
            "account_id": "055706347965",
            "name": "njs-default-service-tasks-20260424135336777600000002"
          },
          "private": "bnVsbA==",
          "dependencies": [
            "module.ecs_service.data.aws_caller_identity.current",
            "module.ecs_service.data.aws_iam_policy_document.tasks_assume",
            "module.ecs_service.data.aws_partition.current",
            "module.ecs_service.data.aws_region.current"
          ],
          "create_before_destroy": true
        }
      ]
    },
    {
      "module": "module.ecs_service",
      "mode": "managed",
      "type": "aws_iam_role_policy_attachment",
      "name": "task_exec",
      "provider": "provider[\"registry.terraform.io/hashicorp/aws\"]",
      "instances": [
        {
          "index_key": 0,
          "schema_version": 0,
          "attributes": {
            "id": "njs-default-service-task-exec-20260424135336775900000001/arn:aws:iam::055706347965:policy/njs-default-service-task-exec-20260424135415607100000009",
            "policy_arn": "arn:aws:iam::055706347965:policy/njs-default-service-task-exec-20260424135415607100000009",
            "role": "njs-default-service-task-exec-20260424135336775900000001"
          },
          "sensitive_attributes": [],
          "identity_schema_version": 0,
          "identity": {
            "account_id": "055706347965",
            "policy_arn": "arn:aws:iam::055706347965:policy/njs-default-service-task-exec-20260424135415607100000009",
            "role": "njs-default-service-task-exec-20260424135336775900000001"
          },
          "private": "bnVsbA==",
          "dependencies": [
            "module.ecs_service.aws_iam_policy.task_exec",
            "module.ecs_service.aws_iam_role.task_exec",
            "module.ecs_service.data.aws_iam_policy_document.task_exec",
            "module.ecs_service.data.aws_iam_policy_document.task_exec_assume",
            "module.rds_wp_db.aws_cloudwatch_log_group.this",
            "module.rds_wp_db.aws_db_subnet_group.this",
            "module.rds_wp_db.aws_iam_role.rds_enhanced_monitoring",
            "module.rds_wp_db.aws_rds_cluster.this",
            "module.rds_wp_db.aws_rds_cluster_parameter_group.this",
            "module.rds_wp_db.aws_security_group.this",
            "module.rds_wp_db.data.aws_iam_policy_document.monitoring_rds_assume_role",
            "module.rds_wp_db.data.aws_service_principal.monitoring_rds",
            "module.vpc.aws_subnet.public",
            "module.vpc.aws_vpc.this",
            "module.vpc.aws_vpc_ipv4_cidr_block_association.this"
          ],
          "create_before_destroy": true
        }
      ]
    },
    {
      "module": "module.ecs_service",
      "mode": "managed",
      "type": "aws_security_group",
      "name": "this",
      "provider": "provider[\"registry.terraform.io/hashicorp/aws\"]",
      "instances": [
        {
          "index_key": 0,
          "schema_version": 1,
          "attributes": {
            "arn": "arn:aws:ec2:eu-west-2:055706347965:security-group/sg-041a65ad2b256cb50",
            "description": "Security group for ECS Service njs-default-service",
            "egress": [
              {
                "cidr_blocks": [
                  "0.0.0.0/0"
                ],
                "description": "",
                "from_port": 0,
                "ipv6_cidr_blocks": [],
                "prefix_list_ids": [],
                "protocol": "-1",
                "security_groups": [],
                "self": false,
                "to_port": 0
              }
            ],
            "id": "sg-041a65ad2b256cb50",
            "ingress": [
              {
                "cidr_blocks": [],
                "description": "http from ALB",
                "from_port": 3000,
                "ipv6_cidr_blocks": [],
                "prefix_list_ids": [],
                "protocol": "tcp",
                "security_groups": [
                  "sg-0cb17ba3093ae18d1"
                ],
                "self": false,
                "to_port": 3000
              }
            ],
            "name": "njs-default-service-service-20260424135343141700000008",
            "name_prefix": "njs-default-service-service-",
            "owner_id": "055706347965",
            "region": "eu-west-2",
            "revoke_rules_on_delete": false,
            "tags": {
              "Name": "njs-default-service-service"
            },
            "tags_all": {
              "Name": "njs-default-service-service"
            },
            "timeouts": null,
            "vpc_id": "vpc-010fa30ecfb923189"
          },
          "sensitive_attributes": [],
          "identity_schema_version": 0,
          "identity": {
            "account_id": "055706347965",
            "id": "sg-041a65ad2b256cb50",
            "region": "eu-west-2"
          },
          "private": "eyJlMmJmYjczMC1lY2FhLTExZTYtOGY4OC0zNDM2M2JjN2M0YzAiOnsiY3JlYXRlIjo2MDAwMDAwMDAwMDAsImRlbGV0ZSI6OTAwMDAwMDAwMDAwfSwic2NoZW1hX3ZlcnNpb24iOiIxIn0=",
          "dependencies": [
            "module.ecs_service.data.aws_subnet.this",
            "module.vpc.aws_subnet.private",
            "module.vpc.aws_vpc.this",
            "module.vpc.aws_vpc_ipv4_cidr_block_association.this"
          ],
          "create_before_destroy": true
        }
      ]
    },
    {
      "module": "module.ecs_service",
      "mode": "managed",
      "type": "aws_vpc_security_group_egress_rule",
      "name": "this",
      "provider": "provider[\"registry.terraform.io/hashicorp/aws\"]",
      "instances": [
        {
          "index_key": "all",
          "schema_version": 0,
          "attributes": {
            "arn": "arn:aws:ec2:eu-west-2:055706347965:security-group-rule/sgr-0eb6fae6190a8b734",
            "cidr_ipv4": "0.0.0.0/0",
            "cidr_ipv6": null,
            "description": null,
            "from_port": null,
            "id": "sgr-0eb6fae6190a8b734",
            "ip_protocol": "-1",
            "prefix_list_id": null,
            "referenced_security_group_id": null,
            "region": "eu-west-2",
            "security_group_id": "sg-041a65ad2b256cb50",
            "security_group_rule_id": "sgr-0eb6fae6190a8b734",
            "tags": {
              "Name": "njs-default-service-service-all"
            },
            "tags_all": {
              "Name": "njs-default-service-service-all"
            },
            "to_port": null
          },
          "sensitive_attributes": [],
          "identity_schema_version": 0,
          "identity": {
            "account_id": "055706347965",
            "id": "sgr-0eb6fae6190a8b734",
            "region": "eu-west-2"
          },
          "dependencies": [
            "module.ecs_service.aws_security_group.this",
            "module.ecs_service.data.aws_subnet.this",
            "module.vpc.aws_subnet.private",
            "module.vpc.aws_vpc.this",
            "module.vpc.aws_vpc_ipv4_cidr_block_association.this"
          ]
        }
      ]
    },
    {
      "module": "module.ecs_service",
      "mode": "managed",
      "type": "aws_vpc_security_group_ingress_rule",
      "name": "this",
      "provider": "provider[\"registry.terraform.io/hashicorp/aws\"]",
      "instances": [
        {
          "index_key": "alb_ingress",
          "schema_version": 0,
          "attributes": {
            "arn": "arn:aws:ec2:eu-west-2:055706347965:security-group-rule/sgr-0cb0daa10c321ed41",
            "cidr_ipv4": null,
            "cidr_ipv6": null,
            "description": "http from ALB",
            "from_port": 3000,
            "id": "sgr-0cb0daa10c321ed41",
            "ip_protocol": "tcp",
            "prefix_list_id": null,
            "referenced_security_group_id": "sg-0cb17ba3093ae18d1",
            "region": "eu-west-2",
            "security_group_id": "sg-041a65ad2b256cb50",
            "security_group_rule_id": "sgr-0cb0daa10c321ed41",
            "tags": {
              "Name": "njs-default-service-service-alb_ingress"
            },
            "tags_all": {
              "Name": "njs-default-service-service-alb_ingress"
            },
            "to_port": 3000
          },
          "sensitive_attributes": [],
          "identity_schema_version": 0,
          "identity": {
            "account_id": "055706347965",
            "id": "sgr-0cb0daa10c321ed41",
            "region": "eu-west-2"
          },
          "dependencies": [
            "module.ecs_service.aws_security_group.this",
            "module.ecs_service.data.aws_subnet.this",
            "module.elb-frontend.aws_security_group.this",
            "module.vpc.aws_subnet.private",
            "module.vpc.aws_vpc.this",
            "module.vpc.aws_vpc_ipv4_cidr_block_association.this"
          ]
        }
      ]
    },
    {
      "module": "module.ecs_service.module.container_definition[\"app\"]",
      "mode": "data",
      "type": "aws_region",
      "name": "current",
      "provider": "provider[\"registry.terraform.io/hashicorp/aws\"]",
      "instances": [
        {
          "schema_version": 0,
          "attributes": {
            "description": "Europe (London)",
            "endpoint": "ec2.eu-west-2.amazonaws.com",
            "id": "eu-west-2",
            "name": "eu-west-2",
            "region": "eu-west-2"
          },
          "sensitive_attributes": [],
          "identity_schema_version": 0
        }
      ]
    },
    {
      "module": "module.ecs_service.module.container_definition[\"app\"]",
      "mode": "managed",
      "type": "aws_cloudwatch_log_group",
      "name": "this",
      "provider": "provider[\"registry.terraform.io/hashicorp/aws\"]",
      "instances": [
        {
          "index_key": 0,
          "schema_version": 0,
          "attributes": {
            "arn": "arn:aws:logs:eu-west-2:055706347965:log-group:/aws/ecs/njs-default-service/app",
            "deletion_protection_enabled": false,
            "id": "/aws/ecs/njs-default-service/app",
            "kms_key_id": "",
            "log_group_class": "STANDARD",
            "name": "/aws/ecs/njs-default-service/app",
            "name_prefix": "",
            "region": "eu-west-2",
            "retention_in_days": 14,
            "skip_destroy": false,
            "tags": {},
            "tags_all": {}
          },
          "sensitive_attributes": [],
          "identity_schema_version": 0,
          "identity": {
            "account_id": "055706347965",
            "name": "/aws/ecs/njs-default-service/app",
            "region": "eu-west-2"
          },
          "private": "bnVsbA==",
          "dependencies": [
            "aws_ecr_repository.ecr-repository"
          ],
          "create_before_destroy": true
        }
      ]
    },
    {
      "module": "module.elb-frontend",
      "mode": "data",
      "type": "aws_partition",
      "name": "current",
      "provider": "provider[\"registry.terraform.io/hashicorp/aws\"]",
      "instances": [
        {
          "schema_version": 0,
          "attributes": {
            "dns_suffix": "amazonaws.com",
            "id": "aws",
            "partition": "aws",
            "reverse_dns_prefix": "com.amazonaws"
          },
          "sensitive_attributes": [],
          "identity_schema_version": 0
        }
      ]
    },
    {
      "module": "module.elb-frontend",
      "mode": "managed",
      "type": "aws_lb",
      "name": "this",
      "provider": "provider[\"registry.terraform.io/hashicorp/aws\"]",
      "instances": [
        {
          "index_key": 0,
          "schema_version": 0,
          "attributes": {
            "access_logs": [
              {
                "bucket": "",
                "enabled": false,
                "prefix": ""
              }
            ],
            "arn": "arn:aws:elasticloadbalancing:eu-west-2:055706347965:loadbalancer/app/njs-default-frontend/d8551c66a481b041",
            "arn_suffix": "app/njs-default-frontend/d8551c66a481b041",
            "client_keep_alive": 3600,
            "connection_logs": [
              {
                "bucket": "",
                "enabled": false,
                "prefix": ""
              }
            ],
            "customer_owned_ipv4_pool": "",
            "desync_mitigation_mode": "defensive",
            "dns_name": "njs-default-frontend-1948790234.eu-west-2.elb.amazonaws.com",
            "dns_record_client_routing_policy": null,
            "drop_invalid_header_fields": true,
            "enable_cross_zone_load_balancing": true,
            "enable_deletion_protection": false,
            "enable_http2": true,
            "enable_tls_version_and_cipher_suite_headers": false,
            "enable_waf_fail_open": false,
            "enable_xff_client_port": false,
            "enable_zonal_shift": false,
            "enforce_security_group_inbound_rules_on_private_link_traffic": "",
            "health_check_logs": [
              {
                "bucket": "",
                "enabled": false,
                "prefix": ""
              }
            ],
            "id": "arn:aws:elasticloadbalancing:eu-west-2:055706347965:loadbalancer/app/njs-default-frontend/d8551c66a481b041",
            "idle_timeout": 60,
            "internal": false,
            "ip_address_type": "ipv4",
            "ipam_pools": [],
            "load_balancer_type": "application",
            "minimum_load_balancer_capacity": [],
            "name": "njs-default-frontend",
            "name_prefix": "",
            "preserve_host_header": false,
            "region": "eu-west-2",
            "secondary_ips_auto_assigned_per_subnet": null,
            "security_groups": [
              "sg-0cb17ba3093ae18d1"
            ],
            "subnet_mapping": [
              {
                "allocation_id": "",
                "ipv6_address": "",
                "outpost_id": "",
                "private_ipv4_address": "",
                "subnet_id": "subnet-016f311ff6b76679a"
              },
              {
                "allocation_id": "",
                "ipv6_address": "",
                "outpost_id": "",
                "private_ipv4_address": "",
                "subnet_id": "subnet-0ad436970d4f9186e"
              },
              {
                "allocation_id": "",
                "ipv6_address": "",
                "outpost_id": "",
                "private_ipv4_address": "",
                "subnet_id": "subnet-0c58a7a30a5b13af8"
              }
            ],
            "subnets": [
              "subnet-016f311ff6b76679a",
              "subnet-0ad436970d4f9186e",
              "subnet-0c58a7a30a5b13af8"
            ],
            "tags": {
              "terraform-aws-modules": "alb"
            },
            "tags_all": {
              "terraform-aws-modules": "alb"
            },
            "timeouts": {
              "create": null,
              "delete": null,
              "update": null
            },
            "vpc_id": "vpc-010fa30ecfb923189",
            "xff_header_processing_mode": "append",
            "zone_id": "ZHURV8PSTC4K8"
          },
          "sensitive_attributes": [],
          "identity_schema_version": 0,
          "identity": {
            "arn": "arn:aws:elasticloadbalancing:eu-west-2:055706347965:loadbalancer/app/njs-default-frontend/d8551c66a481b041"
          },
          "private": "eyJlMmJmYjczMC1lY2FhLTExZTYtOGY4OC0zNDM2M2JjN2M0YzAiOnsiY3JlYXRlIjo2MDAwMDAwMDAwMDAsImRlbGV0ZSI6NjAwMDAwMDAwMDAwLCJ1cGRhdGUiOjYwMDAwMDAwMDAwMH19",
          "dependencies": [
            "module.elb-frontend.aws_security_group.this",
            "module.vpc.aws_subnet.public",
            "module.vpc.aws_vpc.this",
            "module.vpc.aws_vpc_ipv4_cidr_block_association.this"
          ]
        }
      ]
    },
    {
      "module": "module.elb-frontend",
      "mode": "managed",
      "type": "aws_lb_listener",
      "name": "this",
      "provider": "provider[\"registry.terraform.io/hashicorp/aws\"]",
      "instances": [
        {
          "index_key": "http",
          "schema_version": 0,
          "attributes": {
            "alpn_policy": null,
            "arn": "arn:aws:elasticloadbalancing:eu-west-2:055706347965:listener/app/njs-default-frontend/d8551c66a481b041/5d7feb8909d0c155",
            "certificate_arn": null,
            "default_action": [
              {
                "authenticate_cognito": [],
                "authenticate_oidc": [],
                "fixed_response": [],
                "forward": [],
                "jwt_validation": [],
                "order": 1,
                "redirect": [],
                "target_group_arn": "arn:aws:elasticloadbalancing:eu-west-2:055706347965:targetgroup/njs-default-service2/de2253b06207d810",
                "type": "forward"
              }
            ],
            "id": "arn:aws:elasticloadbalancing:eu-west-2:055706347965:listener/app/njs-default-frontend/d8551c66a481b041/5d7feb8909d0c155",
            "load_balancer_arn": "arn:aws:elasticloadbalancing:eu-west-2:055706347965:loadbalancer/app/njs-default-frontend/d8551c66a481b041",
            "mutual_authentication": [],
            "port": 80,
            "protocol": "HTTP",
            "region": "eu-west-2",
            "routing_http_request_x_amzn_mtls_clientcert_header_name": null,
            "routing_http_request_x_amzn_mtls_clientcert_issuer_header_name": null,
            "routing_http_request_x_amzn_mtls_clientcert_leaf_header_name": null,
            "routing_http_request_x_amzn_mtls_clientcert_serial_number_header_name": null,
            "routing_http_request_x_amzn_mtls_clientcert_subject_header_name": null,
            "routing_http_request_x_amzn_mtls_clientcert_validity_header_name": null,
            "routing_http_request_x_amzn_tls_cipher_suite_header_name": null,
            "routing_http_request_x_amzn_tls_version_header_name": null,
            "routing_http_response_access_control_allow_credentials_header_value": "",
            "routing_http_response_access_control_allow_headers_header_value": "",
            "routing_http_response_access_control_allow_methods_header_value": "",
            "routing_http_response_access_control_allow_origin_header_value": "",
            "routing_http_response_access_control_expose_headers_header_value": "",
            "routing_http_response_access_control_max_age_header_value": "",
            "routing_http_response_content_security_policy_header_value": "",
            "routing_http_response_server_enabled": true,
            "routing_http_response_strict_transport_security_header_value": "",
            "routing_http_response_x_content_type_options_header_value": "",
            "routing_http_response_x_frame_options_header_value": "",
            "ssl_policy": "",
            "tags": {
              "terraform-aws-modules": "alb"
            },
            "tags_all": {
              "terraform-aws-modules": "alb"
            },
            "tcp_idle_timeout_seconds": null,
            "timeouts": null
          },
          "sensitive_attributes": [],
          "identity_schema_version": 0,
          "identity": {
            "arn": "arn:aws:elasticloadbalancing:eu-west-2:055706347965:listener/app/njs-default-frontend/d8551c66a481b041/5d7feb8909d0c155"
          },
          "private": "eyJlMmJmYjczMC1lY2FhLTExZTYtOGY4OC0zNDM2M2JjN2M0YzAiOnsiY3JlYXRlIjozMDAwMDAwMDAwMDAsInVwZGF0ZSI6MzAwMDAwMDAwMDAwfX0=",
          "dependencies": [
            "module.elb-frontend.aws_lb.this",
            "module.elb-frontend.aws_lb_target_group.this",
            "module.elb-frontend.aws_security_group.this",
            "module.vpc.aws_subnet.public",
            "module.vpc.aws_vpc.this",
            "module.vpc.aws_vpc_ipv4_cidr_block_association.this"
          ]
        }
      ]
    },
    {
      "module": "module.elb-frontend",
      "mode": "managed",
      "type": "aws_lb_target_group",
      "name": "this",
      "provider": "provider[\"registry.terraform.io/hashicorp/aws\"]",
      "instances": [
        {
          "index_key": "njs-default-ecs-service2",
          "schema_version": 0,
          "attributes": {
            "arn": "arn:aws:elasticloadbalancing:eu-west-2:055706347965:targetgroup/njs-default-service2/de2253b06207d810",
            "arn_suffix": "targetgroup/njs-default-service2/de2253b06207d810",
            "connection_termination": null,
            "deregistration_delay": "300",
            "health_check": [
              {
                "enabled": true,
                "healthy_threshold": 3,
                "interval": 30,
                "matcher": "200-399",
                "path": "/",
                "port": "traffic-port",
                "protocol": "HTTP",
                "timeout": 6,
                "unhealthy_threshold": 3
              }
            ],
            "id": "arn:aws:elasticloadbalancing:eu-west-2:055706347965:targetgroup/njs-default-service2/de2253b06207d810",
            "ip_address_type": "ipv4",
            "lambda_multi_value_headers_enabled": false,
            "load_balancer_arns": [],
            "load_balancing_algorithm_type": "round_robin",
            "load_balancing_anomaly_mitigation": "off",
            "load_balancing_cross_zone_enabled": "use_load_balancer_configuration",
            "name": "njs-default-service2",
            "name_prefix": "",
            "port": 3000,
            "preserve_client_ip": null,
            "protocol": "HTTP",
            "protocol_version": "HTTP1",
            "proxy_protocol_v2": false,
            "region": "eu-west-2",
            "slow_start": 0,
            "stickiness": [
              {
                "cookie_duration": 86400,
                "cookie_name": "",
                "enabled": false,
                "type": "lb_cookie"
              }
            ],
            "tags": {
              "terraform-aws-modules": "alb"
            },
            "tags_all": {
              "terraform-aws-modules": "alb"
            },
            "target_control_port": 0,
            "target_failover": [
              {
                "on_deregistration": null,
                "on_unhealthy": null
              }
            ],
            "target_group_health": [
              {
                "dns_failover": [
                  {
                    "minimum_healthy_targets_count": "1",
                    "minimum_healthy_targets_percentage": "off"
                  }
                ],
                "unhealthy_state_routing": [
                  {
                    "minimum_healthy_targets_count": 1,
                    "minimum_healthy_targets_percentage": "off"
                  }
                ]
              }
            ],
            "target_health_state": [
              {
                "enable_unhealthy_connection_termination": null,
                "unhealthy_draining_interval": null
              }
            ],
            "target_type": "ip",
            "vpc_id": "vpc-010fa30ecfb923189"
          },
          "sensitive_attributes": [],
          "identity_schema_version": 0,
          "identity": {
            "arn": "arn:aws:elasticloadbalancing:eu-west-2:055706347965:targetgroup/njs-default-service2/de2253b06207d810"
          },
          "private": "bnVsbA==",
          "dependencies": [
            "module.vpc.aws_vpc.this"
          ],
          "create_before_destroy": true
        }
      ]
    },
    {
      "module": "module.elb-frontend",
      "mode": "managed",
      "type": "aws_security_group",
      "name": "this",
      "provider": "provider[\"registry.terraform.io/hashicorp/aws\"]",
      "instances": [
        {
          "index_key": 0,
          "schema_version": 1,
          "attributes": {
            "arn": "arn:aws:ec2:eu-west-2:055706347965:security-group/sg-0cb17ba3093ae18d1",
            "description": "Security group for njs-default-frontend application load balancer",
            "egress": [
              {
                "cidr_blocks": [],
                "description": "ECS access",
                "from_port": 80,
                "ipv6_cidr_blocks": [],
                "prefix_list_ids": [],
                "protocol": "tcp",
                "security_groups": [
                  "sg-041a65ad2b256cb50"
                ],
                "self": false,
                "to_port": 3000
              }
            ],
            "id": "sg-0cb17ba3093ae18d1",
            "ingress": [
              {
                "cidr_blocks": [
                  "0.0.0.0/0"
                ],
                "description": "HTTP web traffic",
                "from_port": 80,
                "ipv6_cidr_blocks": [],
                "prefix_list_ids": [],
                "protocol": "tcp",
                "security_groups": [],
                "self": false,
                "to_port": 80
              }
            ],
            "name": "njs-default-frontend-20260424135339393200000006",
            "name_prefix": "njs-default-frontend-",
            "owner_id": "055706347965",
            "region": "eu-west-2",
            "revoke_rules_on_delete": false,
            "tags": {
              "terraform-aws-modules": "alb"
            },
            "tags_all": {
              "terraform-aws-modules": "alb"
            },
            "timeouts": null,
            "vpc_id": "vpc-010fa30ecfb923189"
          },
          "sensitive_attributes": [],
          "identity_schema_version": 0,
          "identity": {
            "account_id": "055706347965",
            "id": "sg-0cb17ba3093ae18d1",
            "region": "eu-west-2"
          },
          "private": "eyJlMmJmYjczMC1lY2FhLTExZTYtOGY4OC0zNDM2M2JjN2M0YzAiOnsiY3JlYXRlIjo2MDAwMDAwMDAwMDAsImRlbGV0ZSI6OTAwMDAwMDAwMDAwfSwic2NoZW1hX3ZlcnNpb24iOiIxIn0=",
          "dependencies": [
            "module.vpc.aws_vpc.this"
          ],
          "create_before_destroy": true
        }
      ]
    },
    {
      "module": "module.elb-frontend",
      "mode": "managed",
      "type": "aws_vpc_security_group_egress_rule",
      "name": "this",
      "provider": "provider[\"registry.terraform.io/hashicorp/aws\"]",
      "instances": [
        {
          "index_key": "ecs",
          "schema_version": 0,
          "attributes": {
            "arn": "arn:aws:ec2:eu-west-2:055706347965:security-group-rule/sgr-0f1eb306076e61076",
            "cidr_ipv4": null,
            "cidr_ipv6": null,
            "description": "ECS access",
            "from_port": 80,
            "id": "sgr-0f1eb306076e61076",
            "ip_protocol": "tcp",
            "prefix_list_id": null,
            "referenced_security_group_id": "sg-041a65ad2b256cb50",
            "region": "eu-west-2",
            "security_group_id": "sg-0cb17ba3093ae18d1",
            "security_group_rule_id": "sgr-0f1eb306076e61076",
            "tags": {
              "terraform-aws-modules": "alb"
            },
            "tags_all": {
              "terraform-aws-modules": "alb"
            },
            "to_port": 3000
          },
          "sensitive_attributes": [],
          "identity_schema_version": 0,
          "identity": {
            "account_id": "055706347965",
            "id": "sgr-0f1eb306076e61076",
            "region": "eu-west-2"
          },
          "dependencies": [
            "module.ecs_service.aws_security_group.this",
            "module.ecs_service.data.aws_subnet.this",
            "module.elb-frontend.aws_security_group.this",
            "module.vpc.aws_subnet.private",
            "module.vpc.aws_vpc.this",
            "module.vpc.aws_vpc_ipv4_cidr_block_association.this"
          ]
        }
      ]
    },
    {
      "module": "module.elb-frontend",
      "mode": "managed",
      "type": "aws_vpc_security_group_ingress_rule",
      "name": "this",
      "provider": "provider[\"registry.terraform.io/hashicorp/aws\"]",
      "instances": [
        {
          "index_key": "all_http",
          "schema_version": 0,
          "attributes": {
            "arn": "arn:aws:ec2:eu-west-2:055706347965:security-group-rule/sgr-0682091c04b7a4b45",
            "cidr_ipv4": "0.0.0.0/0",
            "cidr_ipv6": null,
            "description": "HTTP web traffic",
            "from_port": 80,
            "id": "sgr-0682091c04b7a4b45",
            "ip_protocol": "tcp",
            "prefix_list_id": null,
            "referenced_security_group_id": null,
            "region": "eu-west-2",
            "security_group_id": "sg-0cb17ba3093ae18d1",
            "security_group_rule_id": "sgr-0682091c04b7a4b45",
            "tags": {
              "terraform-aws-modules": "alb"
            },
            "tags_all": {
              "terraform-aws-modules": "alb"
            },
            "to_port": 80
          },
          "sensitive_attributes": [],
          "identity_schema_version": 0,
          "identity": {
            "account_id": "055706347965",
            "id": "sgr-0682091c04b7a4b45",
            "region": "eu-west-2"
          },
          "dependencies": [
            "module.elb-frontend.aws_security_group.this",
            "module.vpc.aws_vpc.this"
          ]
        }
      ]
    },
    {
      "module": "module.rds_wp_db",
      "mode": "data",
      "type": "aws_partition",
      "name": "current",
      "provider": "provider[\"registry.terraform.io/hashicorp/aws\"]",
      "instances": [
        {
          "schema_version": 0,
          "attributes": {
            "dns_suffix": "amazonaws.com",
            "id": "aws",
            "partition": "aws",
            "reverse_dns_prefix": "com.amazonaws"
          },
          "sensitive_attributes": [],
          "identity_schema_version": 0
        }
      ]
    },
    {
      "module": "module.rds_wp_db",
      "mode": "managed",
      "type": "aws_db_subnet_group",
      "name": "this",
      "provider": "provider[\"registry.terraform.io/hashicorp/aws\"]",
      "instances": [
        {
          "index_key": 0,
          "schema_version": 0,
          "attributes": {
            "arn": "arn:aws:rds:eu-west-2:055706347965:subgrp:njs-default-cluster",
            "description": "For Aurora cluster njs-default-cluster",
            "id": "njs-default-cluster",
            "name": "njs-default-cluster",
            "name_prefix": "",
            "region": "eu-west-2",
            "subnet_ids": [
              "subnet-016f311ff6b76679a",
              "subnet-0ad436970d4f9186e",
              "subnet-0c58a7a30a5b13af8"
            ],
            "supported_network_types": [
              "IPV4"
            ],
            "tags": {},
            "tags_all": {},
            "vpc_id": "vpc-010fa30ecfb923189"
          },
          "sensitive_attributes": [],
          "identity_schema_version": 0,
          "private": "bnVsbA==",
          "dependencies": [
            "module.vpc.aws_subnet.public",
            "module.vpc.aws_vpc.this",
            "module.vpc.aws_vpc_ipv4_cidr_block_association.this"
          ],
          "create_before_destroy": true
        }
      ]
    },
    {
      "module": "module.rds_wp_db",
      "mode": "managed",
      "type": "aws_rds_cluster",
      "name": "this",
      "provider": "provider[\"registry.terraform.io/hashicorp/aws\"]",
      "instances": [
        {
          "index_key": 0,
          "schema_version": 1,
          "attributes": {
            "allocated_storage": 1,
            "allow_major_version_upgrade": false,
            "apply_immediately": true,
            "arn": "arn:aws:rds:eu-west-2:055706347965:cluster:njs-default-cluster",
            "availability_zones": [
              "eu-west-2a",
              "eu-west-2b",
              "eu-west-2c"
            ],
            "backtrack_window": 0,
            "backup_retention_period": 1,
            "ca_certificate_identifier": null,
            "ca_certificate_valid_till": null,
            "cluster_identifier": "njs-default-cluster",
            "cluster_identifier_prefix": "",
            "cluster_members": [
              "njs-default-cluster-one"
            ],
            "cluster_resource_id": "cluster-5AXETFROPAT2HKYP2YG3N22ZWI",
            "cluster_scalability_type": "",
            "copy_tags_to_snapshot": true,
            "database_insights_mode": "standard",
            "database_name": "wordpress_db",
            "db_cluster_instance_class": "",
            "db_cluster_parameter_group_name": "default.aurora-mysql5.7",
            "db_instance_parameter_group_name": null,
            "db_subnet_group_name": "njs-default-cluster",
            "db_system_id": "",
            "delete_automated_backups": true,
            "deletion_protection": false,
            "domain": "",
            "domain_iam_role_name": "",
            "enable_global_write_forwarding": false,
            "enable_http_endpoint": false,
            "enable_local_write_forwarding": false,
            "enabled_cloudwatch_logs_exports": [
              "error",
              "general",
              "slowquery"
            ],
            "endpoint": "njs-default-cluster.cluster-crck2ww68qgh.eu-west-2.rds.amazonaws.com",
            "engine": "aurora-mysql",
            "engine_lifecycle_support": "open-source-rds-extended-support",
            "engine_mode": "provisioned",
            "engine_version": "5.7.mysql_aurora.2.11.6",
            "engine_version_actual": "5.7.mysql_aurora.2.11.6",
            "final_snapshot_identifier": null,
            "global_cluster_identifier": "",
            "hosted_zone_id": "Z1TTGA775OQIYO",
            "iam_database_authentication_enabled": false,
            "iam_roles": [],
            "id": "njs-default-cluster",
            "iops": 0,
            "kms_key_id": "arn:aws:kms:eu-west-2:055706347965:key/53262210-da48-4232-8936-3cc781b4f024",
            "manage_master_user_password": true,
            "master_password": null,
            "master_password_wo": null,
            "master_password_wo_version": null,
            "master_user_secret": [
              {
                "kms_key_id": "arn:aws:kms:eu-west-2:055706347965:key/02be1340-be26-4ad8-98bc-7ac76cff228b",
                "secret_arn": "arn:aws:secretsmanager:eu-west-2:055706347965:secret:rds!cluster-f3369507-5328-4d14-af8a-03bf42140e51-owRgQD",
                "secret_status": "active"
              }
            ],
            "master_user_secret_kms_key_id": null,
            "master_username": "dev_mysql_user",
            "monitoring_interval": 0,
            "monitoring_role_arn": "",
            "network_type": "IPV4",
            "performance_insights_enabled": false,
            "performance_insights_kms_key_id": "",
            "performance_insights_retention_period": 0,
            "port": 3306,
            "preferred_backup_window": "04:23-04:53",
            "preferred_maintenance_window": "wed:23:46-thu:00:16",
            "reader_endpoint": "njs-default-cluster.cluster-ro-crck2ww68qgh.eu-west-2.rds.amazonaws.com",
            "region": "eu-west-2",
            "replication_source_identifier": "",
            "restore_to_point_in_time": [],
            "s3_import": [],
            "scaling_configuration": [],
            "serverlessv2_scaling_configuration": [],
            "skip_final_snapshot": true,
            "snapshot_identifier": null,
            "source_region": null,
            "storage_encrypted": true,
            "storage_type": "",
            "tags": {},
            "tags_all": {},
            "timeouts": null,
            "upgrade_rollout_order": "second",
            "vpc_security_group_ids": [
              "sg-0bb46da5cf8315b50"
            ]
          },
          "sensitive_attributes": [
            [
              {
                "type": "get_attr",
                "value": "master_password"
              }
            ],
            [
              {
                "type": "get_attr",
                "value": "master_password_wo"
              }
            ]
          ],
          "identity_schema_version": 0,
          "private": "eyJlMmJmYjczMC1lY2FhLTExZTYtOGY4OC0zNDM2M2JjN2M0YzAiOnsiY3JlYXRlIjo3MjAwMDAwMDAwMDAwLCJkZWxldGUiOjcyMDAwMDAwMDAwMDAsInVwZGF0ZSI6NzIwMDAwMDAwMDAwMH0sInNjaGVtYV92ZXJzaW9uIjoiMSJ9",
          "dependencies": [
            "module.rds_wp_db.aws_cloudwatch_log_group.this",
            "module.rds_wp_db.aws_db_subnet_group.this",
            "module.rds_wp_db.aws_iam_role.rds_enhanced_monitoring",
            "module.rds_wp_db.aws_rds_cluster_parameter_group.this",
            "module.rds_wp_db.aws_security_group.this",
            "module.rds_wp_db.data.aws_iam_policy_document.monitoring_rds_assume_role",
            "module.rds_wp_db.data.aws_service_principal.monitoring_rds",
            "module.vpc.aws_subnet.public",
            "module.vpc.aws_vpc.this",
            "module.vpc.aws_vpc_ipv4_cidr_block_association.this"
          ],
          "create_before_destroy": true
        }
      ]
    },
    {
      "module": "module.rds_wp_db",
      "mode": "managed",
      "type": "aws_rds_cluster_instance",
      "name": "this",
      "provider": "provider[\"registry.terraform.io/hashicorp/aws\"]",
      "instances": [
        {
          "index_key": "one",
          "schema_version": 0,
          "attributes": {
            "apply_immediately": true,
            "arn": "arn:aws:rds:eu-west-2:055706347965:db:njs-default-cluster-one",
            "auto_minor_version_upgrade": true,
            "availability_zone": "eu-west-2a",
            "ca_cert_identifier": "rds-ca-rsa2048-g1",
            "cluster_identifier": "njs-default-cluster",
            "copy_tags_to_snapshot": true,
            "custom_iam_instance_profile": "",
            "db_parameter_group_name": "default.aurora-mysql5.7",
            "db_subnet_group_name": "njs-default-cluster",
            "dbi_resource_id": "db-U3WSRUOKTAMIVO5BHMKPZ6OENA",
            "endpoint": "njs-default-cluster-one.crck2ww68qgh.eu-west-2.rds.amazonaws.com",
            "engine": "aurora-mysql",
            "engine_version": "5.7.mysql_aurora.2.11.6",
            "engine_version_actual": "5.7.mysql_aurora.2.11.6",
            "force_destroy": false,
            "id": "njs-default-cluster-one",
            "identifier": "njs-default-cluster-one",
            "identifier_prefix": "",
            "instance_class": "db.t3.small",
            "kms_key_id": "arn:aws:kms:eu-west-2:055706347965:key/53262210-da48-4232-8936-3cc781b4f024",
            "monitoring_interval": 0,
            "monitoring_role_arn": "",
            "network_type": "IPV4",
            "performance_insights_enabled": false,
            "performance_insights_kms_key_id": "",
            "performance_insights_retention_period": 0,
            "port": 3306,
            "preferred_backup_window": "04:23-04:53",
            "preferred_maintenance_window": "wed:00:34-wed:01:04",
            "promotion_tier": 0,
            "publicly_accessible": true,
            "region": "eu-west-2",
            "storage_encrypted": true,
            "tags": {},
            "tags_all": {},
            "timeouts": null,
            "writer": true
          },
          "sensitive_attributes": [],
          "identity_schema_version": 0,
          "private": "eyJlMmJmYjczMC1lY2FhLTExZTYtOGY4OC0zNDM2M2JjN2M0YzAiOnsiY3JlYXRlIjo1NDAwMDAwMDAwMDAwLCJkZWxldGUiOjU0MDAwMDAwMDAwMDAsInVwZGF0ZSI6NTQwMDAwMDAwMDAwMH19",
          "dependencies": [
            "module.rds_wp_db.aws_cloudwatch_log_group.this",
            "module.rds_wp_db.aws_db_parameter_group.this",
            "module.rds_wp_db.aws_db_subnet_group.this",
            "module.rds_wp_db.aws_iam_role.rds_enhanced_monitoring",
            "module.rds_wp_db.aws_rds_cluster.this",
            "module.rds_wp_db.aws_rds_cluster_parameter_group.this",
            "module.rds_wp_db.aws_security_group.this",
            "module.rds_wp_db.data.aws_iam_policy_document.monitoring_rds_assume_role",
            "module.rds_wp_db.data.aws_service_principal.monitoring_rds",
            "module.vpc.aws_subnet.public",
            "module.vpc.aws_vpc.this",
            "module.vpc.aws_vpc_ipv4_cidr_block_association.this"
          ],
          "create_before_destroy": true
        }
      ]
    },
    {
      "module": "module.rds_wp_db",
      "mode": "managed",
      "type": "aws_security_group",
      "name": "this",
      "provider": "provider[\"registry.terraform.io/hashicorp/aws\"]",
      "instances": [
        {
          "index_key": 0,
          "schema_version": 1,
          "attributes": {
            "arn": "arn:aws:ec2:eu-west-2:055706347965:security-group/sg-0bb46da5cf8315b50",
            "description": "Control traffic to/from RDS Aurora njs-default-cluster",
            "egress": [],
            "id": "sg-0bb46da5cf8315b50",
            "ingress": [
              {
                "cidr_blocks": [],
                "description": "",
                "from_port": 3306,
                "ipv6_cidr_blocks": [],
                "prefix_list_ids": [],
                "protocol": "tcp",
                "security_groups": [
                  "sg-041a65ad2b256cb50"
                ],
                "self": false,
                "to_port": 3306
              }
            ],
            "name": "njs-default-cluster-20260424135339101100000005",
            "name_prefix": "njs-default-cluster-",
            "owner_id": "055706347965",
            "region": "eu-west-2",
            "revoke_rules_on_delete": false,
            "tags": {
              "Name": "njs-default-cluster"
            },
            "tags_all": {
              "Name": "njs-default-cluster"
            },
            "timeouts": null,
            "vpc_id": "vpc-010fa30ecfb923189"
          },
          "sensitive_attributes": [],
          "identity_schema_version": 0,
          "identity": {
            "account_id": "055706347965",
            "id": "sg-0bb46da5cf8315b50",
            "region": "eu-west-2"
          },
          "private": "eyJlMmJmYjczMC1lY2FhLTExZTYtOGY4OC0zNDM2M2JjN2M0YzAiOnsiY3JlYXRlIjo2MDAwMDAwMDAwMDAsImRlbGV0ZSI6OTAwMDAwMDAwMDAwfSwic2NoZW1hX3ZlcnNpb24iOiIxIn0=",
          "dependencies": [
            "module.vpc.aws_vpc.this"
          ],
          "create_before_destroy": true
        }
      ]
    },
    {
      "module": "module.rds_wp_db",
      "mode": "managed",
      "type": "aws_vpc_security_group_ingress_rule",
      "name": "this",
      "provider": "provider[\"registry.terraform.io/hashicorp/aws\"]",
      "instances": [
        {
          "index_key": "ingress_from_ecs",
          "schema_version": 0,
          "attributes": {
            "arn": "arn:aws:ec2:eu-west-2:055706347965:security-group-rule/sgr-0f805faa492a57b29",
            "cidr_ipv4": null,
            "cidr_ipv6": null,
            "description": null,
            "from_port": 3306,
            "id": "sgr-0f805faa492a57b29",
            "ip_protocol": "tcp",
            "prefix_list_id": null,
            "referenced_security_group_id": "sg-041a65ad2b256cb50",
            "region": "eu-west-2",
            "security_group_id": "sg-0bb46da5cf8315b50",
            "security_group_rule_id": "sgr-0f805faa492a57b29",
            "tags": {
              "Name": "njs-default-cluster-ingress_from_ecs"
            },
            "tags_all": {
              "Name": "njs-default-cluster-ingress_from_ecs"
            },
            "to_port": 3306
          },
          "sensitive_attributes": [],
          "identity_schema_version": 0,
          "identity": {
            "account_id": "055706347965",
            "id": "sgr-0f805faa492a57b29",
            "region": "eu-west-2"
          },
          "dependencies": [
            "module.ecs_service.aws_security_group.this",
            "module.ecs_service.data.aws_subnet.this",
            "module.rds_wp_db.aws_security_group.this",
            "module.vpc.aws_subnet.private",
            "module.vpc.aws_vpc.this",
            "module.vpc.aws_vpc_ipv4_cidr_block_association.this"
          ]
        }
      ]
    },
    {
      "module": "module.vpc",
      "mode": "managed",
      "type": "aws_default_network_acl",
      "name": "this",
      "provider": "provider[\"registry.terraform.io/hashicorp/aws\"]",
      "instances": [
        {
          "index_key": 0,
          "schema_version": 0,
          "attributes": {
            "arn": "arn:aws:ec2:eu-west-2:055706347965:network-acl/acl-0055b13f6a163336f",
            "default_network_acl_id": "acl-0055b13f6a163336f",
            "egress": [
              {
                "action": "allow",
                "cidr_block": "",
                "from_port": 0,
                "icmp_code": 0,
                "icmp_type": 0,
                "ipv6_cidr_block": "::/0",
                "protocol": "-1",
                "rule_no": 101,
                "to_port": 0
              },
              {
                "action": "allow",
                "cidr_block": "0.0.0.0/0",
                "from_port": 0,
                "icmp_code": 0,
                "icmp_type": 0,
                "ipv6_cidr_block": "",
                "protocol": "-1",
                "rule_no": 100,
                "to_port": 0
              }
            ],
            "id": "acl-0055b13f6a163336f",
            "ingress": [
              {
                "action": "allow",
                "cidr_block": "",
                "from_port": 0,
                "icmp_code": 0,
                "icmp_type": 0,
                "ipv6_cidr_block": "::/0",
                "protocol": "-1",
                "rule_no": 101,
                "to_port": 0
              },
              {
                "action": "allow",
                "cidr_block": "0.0.0.0/0",
                "from_port": 0,
                "icmp_code": 0,
                "icmp_type": 0,
                "ipv6_cidr_block": "",
                "protocol": "-1",
                "rule_no": 100,
                "to_port": 0
              }
            ],
            "owner_id": "055706347965",
            "region": "eu-west-2",
            "subnet_ids": [
              "subnet-016f311ff6b76679a",
              "subnet-04c9dd9ed1aa4310f",
              "subnet-071d4ab02c42157dc",
              "subnet-0ad436970d4f9186e",
              "subnet-0c58a7a30a5b13af8",
              "subnet-0c972d3284fa40e09"
            ],
            "tags": {
              "Name": "njs-default-main-default"
            },
            "tags_all": {
              "Name": "njs-default-main-default"
            },
            "vpc_id": "vpc-010fa30ecfb923189"
          },
          "sensitive_attributes": [],
          "identity_schema_version": 0,
          "private": "bnVsbA==",
          "dependencies": [
            "module.vpc.aws_vpc.this"
          ]
        }
      ]
    },
    {
      "module": "module.vpc",
      "mode": "managed",
      "type": "aws_default_route_table",
      "name": "default",
      "provider": "provider[\"registry.terraform.io/hashicorp/aws\"]",
      "instances": [
        {
          "index_key": 0,
          "schema_version": 0,
          "attributes": {
            "arn": "arn:aws:ec2:eu-west-2:055706347965:route-table/rtb-02eb86630d1702cc3",
            "default_route_table_id": "rtb-02eb86630d1702cc3",
            "id": "rtb-02eb86630d1702cc3",
            "owner_id": "055706347965",
            "propagating_vgws": [],
            "region": "eu-west-2",
            "route": [],
            "tags": {
              "Name": "njs-default-main-default"
            },
            "tags_all": {
              "Name": "njs-default-main-default"
            },
            "timeouts": {
              "create": "5m",
              "update": "5m"
            },
            "vpc_id": "vpc-010fa30ecfb923189"
          },
          "sensitive_attributes": [],
          "identity_schema_version": 0,
          "private": "eyJlMmJmYjczMC1lY2FhLTExZTYtOGY4OC0zNDM2M2JjN2M0YzAiOnsiY3JlYXRlIjozMDAwMDAwMDAwMDAsInVwZGF0ZSI6MzAwMDAwMDAwMDAwfX0=",
          "dependencies": [
            "module.vpc.aws_vpc.this"
          ]
        }
      ]
    },
    {
      "module": "module.vpc",
      "mode": "managed",
      "type": "aws_default_security_group",
      "name": "this",
      "provider": "provider[\"registry.terraform.io/hashicorp/aws\"]",
      "instances": [
        {
          "index_key": 0,
          "schema_version": 1,
          "attributes": {
            "arn": "arn:aws:ec2:eu-west-2:055706347965:security-group/sg-03cb7bd9432f0e5fe",
            "description": "default VPC security group",
            "egress": [],
            "id": "sg-03cb7bd9432f0e5fe",
            "ingress": [],
            "name": "default",
            "name_prefix": "",
            "owner_id": "055706347965",
            "region": "eu-west-2",
            "revoke_rules_on_delete": false,
            "tags": {
              "Name": "njs-default-main-default"
            },
            "tags_all": {
              "Name": "njs-default-main-default"
            },
            "vpc_id": "vpc-010fa30ecfb923189"
          },
          "sensitive_attributes": [],
          "identity_schema_version": 0,
          "private": "eyJzY2hlbWFfdmVyc2lvbiI6IjEifQ==",
          "dependencies": [
            "module.vpc.aws_vpc.this"
          ]
        }
      ]
    },
    {
      "module": "module.vpc",
      "mode": "managed",
      "type": "aws_eip",
      "name": "nat",
      "provider": "provider[\"registry.terraform.io/hashicorp/aws\"]",
      "instances": [
        {
          "index_key": 0,
          "schema_version": 0,
          "attributes": {
            "address": null,
            "allocation_id": "eipalloc-0b134ae8c1a6abe5d",
            "arn": "arn:aws:ec2:eu-west-2:055706347965:elastic-ip/eipalloc-0b134ae8c1a6abe5d",
            "associate_with_private_ip": null,
            "association_id": "eipassoc-0985e57a23a03b1a2",
            "carrier_ip": "",
            "customer_owned_ip": "",
            "customer_owned_ipv4_pool": "",
            "domain": "vpc",
            "id": "eipalloc-0b134ae8c1a6abe5d",
            "instance": "",
            "ipam_pool_id": "",
            "network_border_group": "eu-west-2",
            "network_interface": "eni-0d7d9152f8ba7f7c8",
            "private_dns": "ip-10-0-101-157.eu-west-2.compute.internal",
            "private_ip": "10.0.101.157",
            "ptr_record": "",
            "public_dns": "ec2-13-135-215-53.eu-west-2.compute.amazonaws.com",
            "public_ip": "13.135.215.53",
            "public_ipv4_pool": "amazon",
            "region": "eu-west-2",
            "tags": {
              "Name": "njs-default-main-eu-west-2a"
            },
            "tags_all": {
              "Name": "njs-default-main-eu-west-2a"
            },
            "timeouts": null
          },
          "sensitive_attributes": [],
          "identity_schema_version": 0,
          "identity": {
            "account_id": "055706347965",
            "id": "eipalloc-0b134ae8c1a6abe5d",
            "region": "eu-west-2"
          },
          "private": "eyJlMmJmYjczMC1lY2FhLTExZTYtOGY4OC0zNDM2M2JjN2M0YzAiOnsiZGVsZXRlIjoxODAwMDAwMDAwMDAsInJlYWQiOjkwMDAwMDAwMDAwMCwidXBkYXRlIjozMDAwMDAwMDAwMDB9fQ==",
          "dependencies": [
            "module.vpc.aws_internet_gateway.this",
            "module.vpc.aws_vpc.this",
            "module.vpc.aws_vpc_ipv4_cidr_block_association.this"
          ]
        }
      ]
    },
    {
      "module": "module.vpc",
      "mode": "managed",
      "type": "aws_internet_gateway",
      "name": "this",
      "provider": "provider[\"registry.terraform.io/hashicorp/aws\"]",
      "instances": [
        {
          "index_key": 0,
          "schema_version": 0,
          "attributes": {
            "arn": "arn:aws:ec2:eu-west-2:055706347965:internet-gateway/igw-0a8cab59aa8e353d0",
            "id": "igw-0a8cab59aa8e353d0",
            "owner_id": "055706347965",
            "region": "eu-west-2",
            "tags": {
              "Name": "njs-default-main"
            },
            "tags_all": {
              "Name": "njs-default-main"
            },
            "timeouts": null,
            "vpc_id": "vpc-010fa30ecfb923189"
          },
          "sensitive_attributes": [],
          "identity_schema_version": 0,
          "identity": {
            "account_id": "055706347965",
            "id": "igw-0a8cab59aa8e353d0",
            "region": "eu-west-2"
          },
          "private": "eyJlMmJmYjczMC1lY2FhLTExZTYtOGY4OC0zNDM2M2JjN2M0YzAiOnsiY3JlYXRlIjoxMjAwMDAwMDAwMDAwLCJkZWxldGUiOjEyMDAwMDAwMDAwMDAsInVwZGF0ZSI6MTIwMDAwMDAwMDAwMH19",
          "dependencies": [
            "module.vpc.aws_vpc.this",
            "module.vpc.aws_vpc_ipv4_cidr_block_association.this"
          ]
        }
      ]
    },
    {
      "module": "module.vpc",
      "mode": "managed",
      "type": "aws_nat_gateway",
      "name": "this",
      "provider": "provider[\"registry.terraform.io/hashicorp/aws\"]",
      "instances": [
        {
          "index_key": 0,
          "schema_version": 0,
          "attributes": {
            "allocation_id": "eipalloc-0b134ae8c1a6abe5d",
            "association_id": "eipassoc-0985e57a23a03b1a2",
            "auto_provision_zones": null,
            "auto_scaling_ips": null,
            "availability_mode": "zonal",
            "availability_zone_address": [],
            "connectivity_type": "public",
            "id": "nat-07f5551131b3c7e85",
            "network_interface_id": "eni-0d7d9152f8ba7f7c8",
            "private_ip": "10.0.101.157",
            "public_ip": "13.135.215.53",
            "region": "eu-west-2",
            "regional_nat_gateway_address": [],
            "regional_nat_gateway_auto_mode": null,
            "route_table_id": null,
            "secondary_allocation_ids": [],
            "secondary_private_ip_address_count": 0,
            "secondary_private_ip_addresses": [],
            "subnet_id": "subnet-016f311ff6b76679a",
            "tags": {
              "Name": "njs-default-main-eu-west-2a"
            },
            "tags_all": {
              "Name": "njs-default-main-eu-west-2a"
            },
            "timeouts": null,
            "vpc_id": "vpc-010fa30ecfb923189"
          },
          "sensitive_attributes": [],
          "identity_schema_version": 0,
          "identity": {
            "account_id": "055706347965",
            "id": "nat-07f5551131b3c7e85",
            "region": "eu-west-2"
          },
          "private": "eyJlMmJmYjczMC1lY2FhLTExZTYtOGY4OC0zNDM2M2JjN2M0YzAiOnsiY3JlYXRlIjo2MDAwMDAwMDAwMDAsImRlbGV0ZSI6MTgwMDAwMDAwMDAwMCwidXBkYXRlIjo2MDAwMDAwMDAwMDB9fQ==",
          "dependencies": [
            "module.vpc.aws_eip.nat",
            "module.vpc.aws_internet_gateway.this",
            "module.vpc.aws_subnet.public",
            "module.vpc.aws_vpc.this",
            "module.vpc.aws_vpc_ipv4_cidr_block_association.this"
          ]
        }
      ]
    },
    {
      "module": "module.vpc",
      "mode": "managed",
      "type": "aws_route",
      "name": "private_nat_gateway",
      "provider": "provider[\"registry.terraform.io/hashicorp/aws\"]",
      "instances": [
        {
          "index_key": 0,
          "schema_version": 0,
          "attributes": {
            "carrier_gateway_id": "",
            "core_network_arn": "",
            "destination_cidr_block": "0.0.0.0/0",
            "destination_ipv6_cidr_block": "",
            "destination_prefix_list_id": "",
            "egress_only_gateway_id": "",
            "gateway_id": "",
            "id": "r-rtb-0bc5de80229bca49d1080289494",
            "instance_id": "",
            "instance_owner_id": "",
            "local_gateway_id": "",
            "nat_gateway_id": "nat-07f5551131b3c7e85",
            "network_interface_id": "",
            "origin": "CreateRoute",
            "region": "eu-west-2",
            "route_table_id": "rtb-0bc5de80229bca49d",
            "state": "active",
            "timeouts": {
              "create": "5m",
              "delete": null,
              "update": null
            },
            "transit_gateway_id": "",
            "vpc_endpoint_id": "",
            "vpc_peering_connection_id": ""
          },
          "sensitive_attributes": [],
          "identity_schema_version": 0,
          "identity": {
            "account_id": "055706347965",
            "destination_cidr_block": "0.0.0.0/0",
            "destination_ipv6_cidr_block": null,
            "destination_prefix_list_id": null,
            "region": "eu-west-2",
            "route_table_id": "rtb-0bc5de80229bca49d"
          },
          "private": "eyJlMmJmYjczMC1lY2FhLTExZTYtOGY4OC0zNDM2M2JjN2M0YzAiOnsiY3JlYXRlIjozMDAwMDAwMDAwMDAsImRlbGV0ZSI6MzAwMDAwMDAwMDAwLCJ1cGRhdGUiOjEyMDAwMDAwMDAwMH19",
          "dependencies": [
            "module.vpc.aws_eip.nat",
            "module.vpc.aws_internet_gateway.this",
            "module.vpc.aws_nat_gateway.this",
            "module.vpc.aws_route_table.private",
            "module.vpc.aws_subnet.public",
            "module.vpc.aws_vpc.this",
            "module.vpc.aws_vpc_ipv4_cidr_block_association.this"
          ]
        }
      ]
    },
    {
      "module": "module.vpc",
      "mode": "managed",
      "type": "aws_route",
      "name": "public_internet_gateway",
      "provider": "provider[\"registry.terraform.io/hashicorp/aws\"]",
      "instances": [
        {
          "index_key": 0,
          "schema_version": 0,
          "attributes": {
            "carrier_gateway_id": "",
            "core_network_arn": "",
            "destination_cidr_block": "0.0.0.0/0",
            "destination_ipv6_cidr_block": "",
            "destination_prefix_list_id": "",
            "egress_only_gateway_id": "",
            "gateway_id": "igw-0a8cab59aa8e353d0",
            "id": "r-rtb-08d1d587a7b149a9b1080289494",
            "instance_id": "",
            "instance_owner_id": "",
            "local_gateway_id": "",
            "nat_gateway_id": "",
            "network_interface_id": "",
            "origin": "CreateRoute",
            "region": "eu-west-2",
            "route_table_id": "rtb-08d1d587a7b149a9b",
            "state": "active",
            "timeouts": {
              "create": "5m",
              "delete": null,
              "update": null
            },
            "transit_gateway_id": "",
            "vpc_endpoint_id": "",
            "vpc_peering_connection_id": ""
          },
          "sensitive_attributes": [],
          "identity_schema_version": 0,
          "identity": {
            "account_id": "055706347965",
            "destination_cidr_block": "0.0.0.0/0",
            "destination_ipv6_cidr_block": null,
            "destination_prefix_list_id": null,
            "region": "eu-west-2",
            "route_table_id": "rtb-08d1d587a7b149a9b"
          },
          "private": "eyJlMmJmYjczMC1lY2FhLTExZTYtOGY4OC0zNDM2M2JjN2M0YzAiOnsiY3JlYXRlIjozMDAwMDAwMDAwMDAsImRlbGV0ZSI6MzAwMDAwMDAwMDAwLCJ1cGRhdGUiOjEyMDAwMDAwMDAwMH19",
          "dependencies": [
            "module.vpc.aws_internet_gateway.this",
            "module.vpc.aws_route_table.public",
            "module.vpc.aws_vpc.this",
            "module.vpc.aws_vpc_ipv4_cidr_block_association.this"
          ]
        }
      ]
    },
    {
      "module": "module.vpc",
      "mode": "managed",
      "type": "aws_route_table",
      "name": "private",
      "provider": "provider[\"registry.terraform.io/hashicorp/aws\"]",
      "instances": [
        {
          "index_key": 0,
          "schema_version": 0,
          "attributes": {
            "arn": "arn:aws:ec2:eu-west-2:055706347965:route-table/rtb-0bc5de80229bca49d",
            "id": "rtb-0bc5de80229bca49d",
            "owner_id": "055706347965",
            "propagating_vgws": [],
            "region": "eu-west-2",
            "route": [
              {
                "carrier_gateway_id": "",
                "cidr_block": "0.0.0.0/0",
                "core_network_arn": "",
                "destination_prefix_list_id": "",
                "egress_only_gateway_id": "",
                "gateway_id": "",
                "ipv6_cidr_block": "",
                "local_gateway_id": "",
                "nat_gateway_id": "nat-07f5551131b3c7e85",
                "network_interface_id": "",
                "transit_gateway_id": "",
                "vpc_endpoint_id": "",
                "vpc_peering_connection_id": ""
              }
            ],
            "tags": {
              "Name": "njs-default-main-private"
            },
            "tags_all": {
              "Name": "njs-default-main-private"
            },
            "timeouts": null,
            "vpc_id": "vpc-010fa30ecfb923189"
          },
          "sensitive_attributes": [],
          "identity_schema_version": 0,
          "identity": {
            "account_id": "055706347965",
            "id": "rtb-0bc5de80229bca49d",
            "region": "eu-west-2"
          },
          "private": "eyJlMmJmYjczMC1lY2FhLTExZTYtOGY4OC0zNDM2M2JjN2M0YzAiOnsiY3JlYXRlIjozMDAwMDAwMDAwMDAsImRlbGV0ZSI6MzAwMDAwMDAwMDAwLCJ1cGRhdGUiOjEyMDAwMDAwMDAwMH19",
          "dependencies": [
            "module.vpc.aws_vpc.this",
            "module.vpc.aws_vpc_ipv4_cidr_block_association.this"
          ]
        }
      ]
    },
    {
      "module": "module.vpc",
      "mode": "managed",
      "type": "aws_route_table",
      "name": "public",
      "provider": "provider[\"registry.terraform.io/hashicorp/aws\"]",
      "instances": [
        {
          "index_key": 0,
          "schema_version": 0,
          "attributes": {
            "arn": "arn:aws:ec2:eu-west-2:055706347965:route-table/rtb-08d1d587a7b149a9b",
            "id": "rtb-08d1d587a7b149a9b",
            "owner_id": "055706347965",
            "propagating_vgws": [],
            "region": "eu-west-2",
            "route": [
              {
                "carrier_gateway_id": "",
                "cidr_block": "0.0.0.0/0",
                "core_network_arn": "",
                "destination_prefix_list_id": "",
                "egress_only_gateway_id": "",
                "gateway_id": "igw-0a8cab59aa8e353d0",
                "ipv6_cidr_block": "",
                "local_gateway_id": "",
                "nat_gateway_id": "",
                "network_interface_id": "",
                "transit_gateway_id": "",
                "vpc_endpoint_id": "",
                "vpc_peering_connection_id": ""
              }
            ],
            "tags": {
              "Name": "njs-default-main-public"
            },
            "tags_all": {
              "Name": "njs-default-main-public"
            },
            "timeouts": null,
            "vpc_id": "vpc-010fa30ecfb923189"
          },
          "sensitive_attributes": [],
          "identity_schema_version": 0,
          "identity": {
            "account_id": "055706347965",
            "id": "rtb-08d1d587a7b149a9b",
            "region": "eu-west-2"
          },
          "private": "eyJlMmJmYjczMC1lY2FhLTExZTYtOGY4OC0zNDM2M2JjN2M0YzAiOnsiY3JlYXRlIjozMDAwMDAwMDAwMDAsImRlbGV0ZSI6MzAwMDAwMDAwMDAwLCJ1cGRhdGUiOjEyMDAwMDAwMDAwMH19",
          "dependencies": [
            "module.vpc.aws_vpc.this",
            "module.vpc.aws_vpc_ipv4_cidr_block_association.this"
          ]
        }
      ]
    },
    {
      "module": "module.vpc",
      "mode": "managed",
      "type": "aws_route_table_association",
      "name": "private",
      "provider": "provider[\"registry.terraform.io/hashicorp/aws\"]",
      "instances": [
        {
          "index_key": 0,
          "schema_version": 0,
          "attributes": {
            "gateway_id": "",
            "id": "rtbassoc-07236f8ffc3d41723",
            "region": "eu-west-2",
            "route_table_id": "rtb-0bc5de80229bca49d",
            "subnet_id": "subnet-04c9dd9ed1aa4310f",
            "timeouts": null
          },
          "sensitive_attributes": [],
          "identity_schema_version": 0,
          "identity": {
            "account_id": "055706347965",
            "id": "rtbassoc-07236f8ffc3d41723",
            "region": "eu-west-2"
          },
          "private": "eyJlMmJmYjczMC1lY2FhLTExZTYtOGY4OC0zNDM2M2JjN2M0YzAiOnsiY3JlYXRlIjozMDAwMDAwMDAwMDAsImRlbGV0ZSI6MzAwMDAwMDAwMDAwLCJ1cGRhdGUiOjEyMDAwMDAwMDAwMH19",
          "dependencies": [
            "module.vpc.aws_route_table.private",
            "module.vpc.aws_subnet.private",
            "module.vpc.aws_vpc.this",
            "module.vpc.aws_vpc_ipv4_cidr_block_association.this"
          ]
        },
        {
          "index_key": 1,
          "schema_version": 0,
          "attributes": {
            "gateway_id": "",
            "id": "rtbassoc-05fce62f0615b1a86",
            "region": "eu-west-2",
            "route_table_id": "rtb-0bc5de80229bca49d",
            "subnet_id": "subnet-071d4ab02c42157dc",
            "timeouts": null
          },
          "sensitive_attributes": [],
          "identity_schema_version": 0,
          "identity": {
            "account_id": "055706347965",
            "id": "rtbassoc-05fce62f0615b1a86",
            "region": "eu-west-2"
          },
          "private": "eyJlMmJmYjczMC1lY2FhLTExZTYtOGY4OC0zNDM2M2JjN2M0YzAiOnsiY3JlYXRlIjozMDAwMDAwMDAwMDAsImRlbGV0ZSI6MzAwMDAwMDAwMDAwLCJ1cGRhdGUiOjEyMDAwMDAwMDAwMH19",
          "dependencies": [
            "module.vpc.aws_route_table.private",
            "module.vpc.aws_subnet.private",
            "module.vpc.aws_vpc.this",
            "module.vpc.aws_vpc_ipv4_cidr_block_association.this"
          ]
        },
        {
          "index_key": 2,
          "schema_version": 0,
          "attributes": {
            "gateway_id": "",
            "id": "rtbassoc-0a3eaf3cf02098201",
            "region": "eu-west-2",
            "route_table_id": "rtb-0bc5de80229bca49d",
            "subnet_id": "subnet-0c972d3284fa40e09",
            "timeouts": null
          },
          "sensitive_attributes": [],
          "identity_schema_version": 0,
          "identity": {
            "account_id": "055706347965",
            "id": "rtbassoc-0a3eaf3cf02098201",
            "region": "eu-west-2"
          },
          "private": "eyJlMmJmYjczMC1lY2FhLTExZTYtOGY4OC0zNDM2M2JjN2M0YzAiOnsiY3JlYXRlIjozMDAwMDAwMDAwMDAsImRlbGV0ZSI6MzAwMDAwMDAwMDAwLCJ1cGRhdGUiOjEyMDAwMDAwMDAwMH19",
          "dependencies": [
            "module.vpc.aws_route_table.private",
            "module.vpc.aws_subnet.private",
            "module.vpc.aws_vpc.this",
            "module.vpc.aws_vpc_ipv4_cidr_block_association.this"
          ]
        }
      ]
    },
    {
      "module": "module.vpc",
      "mode": "managed",
      "type": "aws_route_table_association",
      "name": "public",
      "provider": "provider[\"registry.terraform.io/hashicorp/aws\"]",
      "instances": [
        {
          "index_key": 0,
          "schema_version": 0,
          "attributes": {
            "gateway_id": "",
            "id": "rtbassoc-03558ea7b75ac63ef",
            "region": "eu-west-2",
            "route_table_id": "rtb-08d1d587a7b149a9b",
            "subnet_id": "subnet-016f311ff6b76679a",
            "timeouts": null
          },
          "sensitive_attributes": [],
          "identity_schema_version": 0,
          "identity": {
            "account_id": "055706347965",
            "id": "rtbassoc-03558ea7b75ac63ef",
            "region": "eu-west-2"
          },
          "private": "eyJlMmJmYjczMC1lY2FhLTExZTYtOGY4OC0zNDM2M2JjN2M0YzAiOnsiY3JlYXRlIjozMDAwMDAwMDAwMDAsImRlbGV0ZSI6MzAwMDAwMDAwMDAwLCJ1cGRhdGUiOjEyMDAwMDAwMDAwMH19",
          "dependencies": [
            "module.vpc.aws_route_table.public",
            "module.vpc.aws_subnet.public",
            "module.vpc.aws_vpc.this",
            "module.vpc.aws_vpc_ipv4_cidr_block_association.this"
          ]
        },
        {
          "index_key": 1,
          "schema_version": 0,
          "attributes": {
            "gateway_id": "",
            "id": "rtbassoc-028a388aadf01d558",
            "region": "eu-west-2",
            "route_table_id": "rtb-08d1d587a7b149a9b",
            "subnet_id": "subnet-0c58a7a30a5b13af8",
            "timeouts": null
          },
          "sensitive_attributes": [],
          "identity_schema_version": 0,
          "identity": {
            "account_id": "055706347965",
            "id": "rtbassoc-028a388aadf01d558",
            "region": "eu-west-2"
          },
          "private": "eyJlMmJmYjczMC1lY2FhLTExZTYtOGY4OC0zNDM2M2JjN2M0YzAiOnsiY3JlYXRlIjozMDAwMDAwMDAwMDAsImRlbGV0ZSI6MzAwMDAwMDAwMDAwLCJ1cGRhdGUiOjEyMDAwMDAwMDAwMH19",
          "dependencies": [
            "module.vpc.aws_route_table.public",
            "module.vpc.aws_subnet.public",
            "module.vpc.aws_vpc.this",
            "module.vpc.aws_vpc_ipv4_cidr_block_association.this"
          ]
        },
        {
          "index_key": 2,
          "schema_version": 0,
          "attributes": {
            "gateway_id": "",
            "id": "rtbassoc-0e90416a921b3e1a1",
            "region": "eu-west-2",
            "route_table_id": "rtb-08d1d587a7b149a9b",
            "subnet_id": "subnet-0ad436970d4f9186e",
            "timeouts": null
          },
          "sensitive_attributes": [],
          "identity_schema_version": 0,
          "identity": {
            "account_id": "055706347965",
            "id": "rtbassoc-0e90416a921b3e1a1",
            "region": "eu-west-2"
          },
          "private": "eyJlMmJmYjczMC1lY2FhLTExZTYtOGY4OC0zNDM2M2JjN2M0YzAiOnsiY3JlYXRlIjozMDAwMDAwMDAwMDAsImRlbGV0ZSI6MzAwMDAwMDAwMDAwLCJ1cGRhdGUiOjEyMDAwMDAwMDAwMH19",
          "dependencies": [
            "module.vpc.aws_route_table.public",
            "module.vpc.aws_subnet.public",
            "module.vpc.aws_vpc.this",
            "module.vpc.aws_vpc_ipv4_cidr_block_association.this"
          ]
        }
      ]
    },
    {
      "module": "module.vpc",
      "mode": "managed",
      "type": "aws_subnet",
      "name": "private",
      "provider": "provider[\"registry.terraform.io/hashicorp/aws\"]",
      "instances": [
        {
          "index_key": 0,
          "schema_version": 1,
          "attributes": {
            "arn": "arn:aws:ec2:eu-west-2:055706347965:subnet/subnet-04c9dd9ed1aa4310f",
            "assign_ipv6_address_on_creation": false,
            "availability_zone": "eu-west-2a",
            "availability_zone_id": "euw2-az2",
            "cidr_block": "10.0.1.0/24",
            "customer_owned_ipv4_pool": "",
            "enable_dns64": false,
            "enable_lni_at_device_index": 0,
            "enable_resource_name_dns_a_record_on_launch": false,
            "enable_resource_name_dns_aaaa_record_on_launch": false,
            "id": "subnet-04c9dd9ed1aa4310f",
            "ipv4_ipam_pool_id": null,
            "ipv4_netmask_length": null,
            "ipv6_cidr_block": "",
            "ipv6_cidr_block_association_id": "",
            "ipv6_ipam_pool_id": null,
            "ipv6_native": false,
            "ipv6_netmask_length": null,
            "map_customer_owned_ip_on_launch": false,
            "map_public_ip_on_launch": false,
            "outpost_arn": "",
            "owner_id": "055706347965",
            "private_dns_hostname_type_on_launch": "ip-name",
            "region": "eu-west-2",
            "tags": {
              "Name": "njs-default-main-private-eu-west-2a"
            },
            "tags_all": {
              "Name": "njs-default-main-private-eu-west-2a"
            },
            "timeouts": null,
            "vpc_id": "vpc-010fa30ecfb923189"
          },
          "sensitive_attributes": [],
          "identity_schema_version": 0,
          "identity": {
            "account_id": "055706347965",
            "id": "subnet-04c9dd9ed1aa4310f",
            "region": "eu-west-2"
          },
          "private": "eyJlMmJmYjczMC1lY2FhLTExZTYtOGY4OC0zNDM2M2JjN2M0YzAiOnsiY3JlYXRlIjo2MDAwMDAwMDAwMDAsImRlbGV0ZSI6MTIwMDAwMDAwMDAwMH0sInNjaGVtYV92ZXJzaW9uIjoiMSJ9",
          "dependencies": [
            "module.vpc.aws_vpc.this",
            "module.vpc.aws_vpc_ipv4_cidr_block_association.this"
          ],
          "create_before_destroy": true
        },
        {
          "index_key": 1,
          "schema_version": 1,
          "attributes": {
            "arn": "arn:aws:ec2:eu-west-2:055706347965:subnet/subnet-071d4ab02c42157dc",
            "assign_ipv6_address_on_creation": false,
            "availability_zone": "eu-west-2b",
            "availability_zone_id": "euw2-az3",
            "cidr_block": "10.0.2.0/24",
            "customer_owned_ipv4_pool": "",
            "enable_dns64": false,
            "enable_lni_at_device_index": 0,
            "enable_resource_name_dns_a_record_on_launch": false,
            "enable_resource_name_dns_aaaa_record_on_launch": false,
            "id": "subnet-071d4ab02c42157dc",
            "ipv4_ipam_pool_id": null,
            "ipv4_netmask_length": null,
            "ipv6_cidr_block": "",
            "ipv6_cidr_block_association_id": "",
            "ipv6_ipam_pool_id": null,
            "ipv6_native": false,
            "ipv6_netmask_length": null,
            "map_customer_owned_ip_on_launch": false,
            "map_public_ip_on_launch": false,
            "outpost_arn": "",
            "owner_id": "055706347965",
            "private_dns_hostname_type_on_launch": "ip-name",
            "region": "eu-west-2",
            "tags": {
              "Name": "njs-default-main-private-eu-west-2b"
            },
            "tags_all": {
              "Name": "njs-default-main-private-eu-west-2b"
            },
            "timeouts": null,
            "vpc_id": "vpc-010fa30ecfb923189"
          },
          "sensitive_attributes": [],
          "identity_schema_version": 0,
          "identity": {
            "account_id": "055706347965",
            "id": "subnet-071d4ab02c42157dc",
            "region": "eu-west-2"
          },
          "private": "eyJlMmJmYjczMC1lY2FhLTExZTYtOGY4OC0zNDM2M2JjN2M0YzAiOnsiY3JlYXRlIjo2MDAwMDAwMDAwMDAsImRlbGV0ZSI6MTIwMDAwMDAwMDAwMH0sInNjaGVtYV92ZXJzaW9uIjoiMSJ9",
          "dependencies": [
            "module.vpc.aws_vpc.this",
            "module.vpc.aws_vpc_ipv4_cidr_block_association.this"
          ],
          "create_before_destroy": true
        },
        {
          "index_key": 2,
          "schema_version": 1,
          "attributes": {
            "arn": "arn:aws:ec2:eu-west-2:055706347965:subnet/subnet-0c972d3284fa40e09",
            "assign_ipv6_address_on_creation": false,
            "availability_zone": "eu-west-2c",
            "availability_zone_id": "euw2-az1",
            "cidr_block": "10.0.3.0/24",
            "customer_owned_ipv4_pool": "",
            "enable_dns64": false,
            "enable_lni_at_device_index": 0,
            "enable_resource_name_dns_a_record_on_launch": false,
            "enable_resource_name_dns_aaaa_record_on_launch": false,
            "id": "subnet-0c972d3284fa40e09",
            "ipv4_ipam_pool_id": null,
            "ipv4_netmask_length": null,
            "ipv6_cidr_block": "",
            "ipv6_cidr_block_association_id": "",
            "ipv6_ipam_pool_id": null,
            "ipv6_native": false,
            "ipv6_netmask_length": null,
            "map_customer_owned_ip_on_launch": false,
            "map_public_ip_on_launch": false,
            "outpost_arn": "",
            "owner_id": "055706347965",
            "private_dns_hostname_type_on_launch": "ip-name",
            "region": "eu-west-2",
            "tags": {
              "Name": "njs-default-main-private-eu-west-2c"
            },
            "tags_all": {
              "Name": "njs-default-main-private-eu-west-2c"
            },
            "timeouts": null,
            "vpc_id": "vpc-010fa30ecfb923189"
          },
          "sensitive_attributes": [],
          "identity_schema_version": 0,
          "identity": {
            "account_id": "055706347965",
            "id": "subnet-0c972d3284fa40e09",
            "region": "eu-west-2"
          },
          "private": "eyJlMmJmYjczMC1lY2FhLTExZTYtOGY4OC0zNDM2M2JjN2M0YzAiOnsiY3JlYXRlIjo2MDAwMDAwMDAwMDAsImRlbGV0ZSI6MTIwMDAwMDAwMDAwMH0sInNjaGVtYV92ZXJzaW9uIjoiMSJ9",
          "dependencies": [
            "module.vpc.aws_vpc.this",
            "module.vpc.aws_vpc_ipv4_cidr_block_association.this"
          ],
          "create_before_destroy": true
        }
      ]
    },
    {
      "module": "module.vpc",
      "mode": "managed",
      "type": "aws_subnet",
      "name": "public",
      "provider": "provider[\"registry.terraform.io/hashicorp/aws\"]",
      "instances": [
        {
          "index_key": 0,
          "schema_version": 1,
          "attributes": {
            "arn": "arn:aws:ec2:eu-west-2:055706347965:subnet/subnet-016f311ff6b76679a",
            "assign_ipv6_address_on_creation": false,
            "availability_zone": "eu-west-2a",
            "availability_zone_id": "euw2-az2",
            "cidr_block": "10.0.101.0/24",
            "customer_owned_ipv4_pool": "",
            "enable_dns64": false,
            "enable_lni_at_device_index": 0,
            "enable_resource_name_dns_a_record_on_launch": false,
            "enable_resource_name_dns_aaaa_record_on_launch": false,
            "id": "subnet-016f311ff6b76679a",
            "ipv4_ipam_pool_id": null,
            "ipv4_netmask_length": null,
            "ipv6_cidr_block": "",
            "ipv6_cidr_block_association_id": "",
            "ipv6_ipam_pool_id": null,
            "ipv6_native": false,
            "ipv6_netmask_length": null,
            "map_customer_owned_ip_on_launch": false,
            "map_public_ip_on_launch": false,
            "outpost_arn": "",
            "owner_id": "055706347965",
            "private_dns_hostname_type_on_launch": "ip-name",
            "region": "eu-west-2",
            "tags": {
              "Name": "njs-default-main-public-eu-west-2a"
            },
            "tags_all": {
              "Name": "njs-default-main-public-eu-west-2a"
            },
            "timeouts": null,
            "vpc_id": "vpc-010fa30ecfb923189"
          },
          "sensitive_attributes": [],
          "identity_schema_version": 0,
          "identity": {
            "account_id": "055706347965",
            "id": "subnet-016f311ff6b76679a",
            "region": "eu-west-2"
          },
          "private": "eyJlMmJmYjczMC1lY2FhLTExZTYtOGY4OC0zNDM2M2JjN2M0YzAiOnsiY3JlYXRlIjo2MDAwMDAwMDAwMDAsImRlbGV0ZSI6MTIwMDAwMDAwMDAwMH0sInNjaGVtYV92ZXJzaW9uIjoiMSJ9",
          "dependencies": [
            "module.vpc.aws_vpc.this",
            "module.vpc.aws_vpc_ipv4_cidr_block_association.this"
          ],
          "create_before_destroy": true
        },
        {
          "index_key": 1,
          "schema_version": 1,
          "attributes": {
            "arn": "arn:aws:ec2:eu-west-2:055706347965:subnet/subnet-0c58a7a30a5b13af8",
            "assign_ipv6_address_on_creation": false,
            "availability_zone": "eu-west-2b",
            "availability_zone_id": "euw2-az3",
            "cidr_block": "10.0.102.0/24",
            "customer_owned_ipv4_pool": "",
            "enable_dns64": false,
            "enable_lni_at_device_index": 0,
            "enable_resource_name_dns_a_record_on_launch": false,
            "enable_resource_name_dns_aaaa_record_on_launch": false,
            "id": "subnet-0c58a7a30a5b13af8",
            "ipv4_ipam_pool_id": null,
            "ipv4_netmask_length": null,
            "ipv6_cidr_block": "",
            "ipv6_cidr_block_association_id": "",
            "ipv6_ipam_pool_id": null,
            "ipv6_native": false,
            "ipv6_netmask_length": null,
            "map_customer_owned_ip_on_launch": false,
            "map_public_ip_on_launch": false,
            "outpost_arn": "",
            "owner_id": "055706347965",
            "private_dns_hostname_type_on_launch": "ip-name",
            "region": "eu-west-2",
            "tags": {
              "Name": "njs-default-main-public-eu-west-2b"
            },
            "tags_all": {
              "Name": "njs-default-main-public-eu-west-2b"
            },
            "timeouts": null,
            "vpc_id": "vpc-010fa30ecfb923189"
          },
          "sensitive_attributes": [],
          "identity_schema_version": 0,
          "identity": {
            "account_id": "055706347965",
            "id": "subnet-0c58a7a30a5b13af8",
            "region": "eu-west-2"
          },
          "private": "eyJlMmJmYjczMC1lY2FhLTExZTYtOGY4OC0zNDM2M2JjN2M0YzAiOnsiY3JlYXRlIjo2MDAwMDAwMDAwMDAsImRlbGV0ZSI6MTIwMDAwMDAwMDAwMH0sInNjaGVtYV92ZXJzaW9uIjoiMSJ9",
          "dependencies": [
            "module.vpc.aws_vpc.this",
            "module.vpc.aws_vpc_ipv4_cidr_block_association.this"
          ],
          "create_before_destroy": true
        },
        {
          "index_key": 2,
          "schema_version": 1,
          "attributes": {
            "arn": "arn:aws:ec2:eu-west-2:055706347965:subnet/subnet-0ad436970d4f9186e",
            "assign_ipv6_address_on_creation": false,
            "availability_zone": "eu-west-2c",
            "availability_zone_id": "euw2-az1",
            "cidr_block": "10.0.103.0/24",
            "customer_owned_ipv4_pool": "",
            "enable_dns64": false,
            "enable_lni_at_device_index": 0,
            "enable_resource_name_dns_a_record_on_launch": false,
            "enable_resource_name_dns_aaaa_record_on_launch": false,
            "id": "subnet-0ad436970d4f9186e",
            "ipv4_ipam_pool_id": null,
            "ipv4_netmask_length": null,
            "ipv6_cidr_block": "",
            "ipv6_cidr_block_association_id": "",
            "ipv6_ipam_pool_id": null,
            "ipv6_native": false,
            "ipv6_netmask_length": null,
            "map_customer_owned_ip_on_launch": false,
            "map_public_ip_on_launch": false,
            "outpost_arn": "",
            "owner_id": "055706347965",
            "private_dns_hostname_type_on_launch": "ip-name",
            "region": "eu-west-2",
            "tags": {
              "Name": "njs-default-main-public-eu-west-2c"
            },
            "tags_all": {
              "Name": "njs-default-main-public-eu-west-2c"
            },
            "timeouts": null,
            "vpc_id": "vpc-010fa30ecfb923189"
          },
          "sensitive_attributes": [],
          "identity_schema_version": 0,
          "identity": {
            "account_id": "055706347965",
            "id": "subnet-0ad436970d4f9186e",
            "region": "eu-west-2"
          },
          "private": "eyJlMmJmYjczMC1lY2FhLTExZTYtOGY4OC0zNDM2M2JjN2M0YzAiOnsiY3JlYXRlIjo2MDAwMDAwMDAwMDAsImRlbGV0ZSI6MTIwMDAwMDAwMDAwMH0sInNjaGVtYV92ZXJzaW9uIjoiMSJ9",
          "dependencies": [
            "module.vpc.aws_vpc.this",
            "module.vpc.aws_vpc_ipv4_cidr_block_association.this"
          ],
          "create_before_destroy": true
        }
      ]
    },
    {
      "module": "module.vpc",
      "mode": "managed",
      "type": "aws_vpc",
      "name": "this",
      "provider": "provider[\"registry.terraform.io/hashicorp/aws\"]",
      "instances": [
        {
          "index_key": 0,
          "schema_version": 1,
          "attributes": {
            "arn": "arn:aws:ec2:eu-west-2:055706347965:vpc/vpc-010fa30ecfb923189",
            "assign_generated_ipv6_cidr_block": false,
            "cidr_block": "10.0.0.0/16",
            "default_network_acl_id": "acl-0055b13f6a163336f",
            "default_route_table_id": "rtb-02eb86630d1702cc3",
            "default_security_group_id": "sg-03cb7bd9432f0e5fe",
            "dhcp_options_id": "dopt-0054277ad6c5fc41e",
            "enable_dns_hostnames": true,
            "enable_dns_support": true,
            "enable_network_address_usage_metrics": false,
            "id": "vpc-010fa30ecfb923189",
            "instance_tenancy": "default",
            "ipv4_ipam_pool_id": null,
            "ipv4_netmask_length": null,
            "ipv6_association_id": "",
            "ipv6_cidr_block": "",
            "ipv6_cidr_block_network_border_group": "",
            "ipv6_ipam_pool_id": "",
            "ipv6_netmask_length": 0,
            "main_route_table_id": "rtb-02eb86630d1702cc3",
            "owner_id": "055706347965",
            "region": "eu-west-2",
            "tags": {
              "Name": "njs-default-main"
            },
            "tags_all": {
              "Name": "njs-default-main"
            }
          },
          "sensitive_attributes": [],
          "identity_schema_version": 0,
          "identity": {
            "account_id": "055706347965",
            "id": "vpc-010fa30ecfb923189",
            "region": "eu-west-2"
          },
          "private": "eyJzY2hlbWFfdmVyc2lvbiI6IjEifQ==",
          "create_before_destroy": true
        }
      ]
    }
  ],
  "check_results": null
}
